// !$*UTF8*$!
{
	archiveVersion = 1;
	classes = {
	};
	objectVersion = 46;
	objects = {

/* Begin PBXBuildFile section */
		0D98E43AB0144630EF2206B3 /* guiTypeButtonSlider.cpp in Sources */ = {isa = PBXBuildFile; fileRef = 8F5AFDA23DE220F49EA17CBC /* guiTypeButtonSlider.cpp */; };
		2B11014060CFA00EA494FBC6 /* guiTypeTextDropDown.cpp in Sources */ = {isa = PBXBuildFile; fileRef = 4F64D7DD70C6B5B1FC395DED /* guiTypeTextDropDown.cpp */; };
		314D78311D80062369E1827B /* guiTypeChartPlotter.cpp in Sources */ = {isa = PBXBuildFile; fileRef = 3D66885FA7C19B7830EE08ED /* guiTypeChartPlotter.cpp */; };
		3321B96C9659105F44350A6C /* PS3EyeWindowAppDelegate.m in Sources */ = {isa = PBXBuildFile; fileRef = 464C839D30CCEFF771B2E422 /* PS3EyeWindowAppDelegate.m */; };
		41BCF7021939202F70E232A1 /* guiValue.cpp in Sources */ = {isa = PBXBuildFile; fileRef = 9F91D61ED1C9EFA6A2ACDC47 /* guiValue.cpp */; };
		41D65A061E305AFD52E53551 /* guiTypeDrawable.cpp in Sources */ = {isa = PBXBuildFile; fileRef = EAC15439B87DC40C3609393B /* guiTypeDrawable.cpp */; };
		495A92A35AC1D16E07CA45C7 /* guiTypeCustom.cpp in Sources */ = {isa = PBXBuildFile; fileRef = CFED64139BF049D0E6E85B06 /* guiTypeCustom.cpp */; };
		49A32C9017D805133EC68733 /* AGC.m in Sources */ = {isa = PBXBuildFile; fileRef = 3F33638670597C231FC3F62C /* AGC.m */; };
		4A71E37D7F36F23AA123EB0B /* guiTypeSlider.cpp in Sources */ = {isa = PBXBuildFile; fileRef = 5CD68CA8FE136C3BE208703B /* guiTypeSlider.cpp */; };
		4C223A5AC3B77923C42438F7 /* OV534Driver.m in Sources */ = {isa = PBXBuildFile; fileRef = CF1E9C1085A9A9924E1D8804 /* OV534Driver.m */; };
		54246E0E70670038E43D95BC /* Histogram.m in Sources */ = {isa = PBXBuildFile; fileRef = B6DE77B62F1E9D2BDE3BE888 /* Histogram.m */; };
		56C1461D4D6DF6D99FCB8A9A /* Resolvers.cpp in Sources */ = {isa = PBXBuildFile; fileRef = B57E64EE6D9AF5E0A16FCD1E /* Resolvers.cpp */; };
		5A4349E9754D6FA14C0F2A3A /* tinyxmlparser.cpp in Sources */ = {isa = PBXBuildFile; fileRef = FC5DA1C87211D4F6377DA719 /* tinyxmlparser.cpp */; };
		5AB5747E5EF615D728FE9C67 /* guiTypeLabel.cpp in Sources */ = {isa = PBXBuildFile; fileRef = CFC7A1F656C34688D0EA0D0C /* guiTypeLabel.cpp */; };
		5FD445ED4A5BB42065A63EC5 /* guiTextBase.cpp in Sources */ = {isa = PBXBuildFile; fileRef = 9A234A6E775BFC7C47B1E336 /* guiTextBase.cpp */; };
		62884D3FCE003C390F94AB7D /* guiColor.cpp in Sources */ = {isa = PBXBuildFile; fileRef = D859BBB55780DA0D9098DBD2 /* guiColor.cpp */; };
		63B57AC5BF4EF088491E0317 /* ofxXmlSettings.cpp in Sources */ = {isa = PBXBuildFile; fileRef = 50DF87D612C5AAE17AAFA6C0 /* ofxXmlSettings.cpp */; };
		70D04CD0CF0891EBF497A21C /* BayerConverter.m in Sources */ = {isa = PBXBuildFile; fileRef = E9D916E101E14E9227713E4D /* BayerConverter.m */; };
		7420F743C006B26B95FF9051 /* LookUpTable.m in Sources */ = {isa = PBXBuildFile; fileRef = EE31C187F527E6C87EEFD51D /* LookUpTable.m */; };
		7830622D2831D72613A1D3CE /* guiCallback.cpp in Sources */ = {isa = PBXBuildFile; fileRef = 0623A592865192DAF866EC80 /* guiCallback.cpp */; };
		849341DBC7A5374C26AC0524 /* guiTypeToggle.cpp in Sources */ = {isa = PBXBuildFile; fileRef = 62121AB82E8C23F11BBC56E4 /* guiTypeToggle.cpp */; };
		859C20916AF9A4F8D4A929F6 /* MyCameraDriver.m in Sources */ = {isa = PBXBuildFile; fileRef = E8B3CFF2D76D23E5130B03C6 /* MyCameraDriver.m */; };
		871AF250136390C0A8F657DA /* guiTypeVairableLister.cpp in Sources */ = {isa = PBXBuildFile; fileRef = 76AC9361ADD00E0A97505518 /* guiTypeVairableLister.cpp */; };
		8A230FB96662FB1AB1611B8A /* simpleColor.cpp in Sources */ = {isa = PBXBuildFile; fileRef = A8F5D6546B2050363E043358 /* simpleColor.cpp */; };
		8C3BA55A2996325BB57889A3 /* guiTypeTextInput.cpp in Sources */ = {isa = PBXBuildFile; fileRef = DB609B0A16264158C61C979F /* guiTypeTextInput.cpp */; };
		90965E88EDD92E0D10B07FE2 /* Sensor.m in Sources */ = {isa = PBXBuildFile; fileRef = 4010A22AB915CB992F1B59BF /* Sensor.m */; };
		933A2227713C720CEFF80FD9 /* tinyxml.cpp in Sources */ = {isa = PBXBuildFile; fileRef = 2B40EDA85BEB63E46785BC29 /* tinyxml.cpp */; };
		9B36FEC1F9A02AF09246572B /* guiTypeText.cpp in Sources */ = {isa = PBXBuildFile; fileRef = 25F371915E6771CEA7595D51 /* guiTypeText.cpp */; };
		9D44DC88EF9E7991B4A09951 /* tinyxmlerror.cpp in Sources */ = {isa = PBXBuildFile; fileRef = 832BDC407620CDBA568B713D /* tinyxmlerror.cpp */; };
		9D97FDF450CC66E11F05E279 /* guiTypePanel.cpp in Sources */ = {isa = PBXBuildFile; fileRef = 08549D86F2263BAFA64AE5D1 /* guiTypePanel.cpp */; };
		9FEF7AFAD4DDFFD2A55AA54A /* simpleFileLister.cpp in Sources */ = {isa = PBXBuildFile; fileRef = BDD9E60039A29DAFB013CDBD /* simpleFileLister.cpp */; };
		A6E663C9C7F2B67585FCA31A /* MyCameraInfo.m in Sources */ = {isa = PBXBuildFile; fileRef = 3CD03ABE0301C38C40C1D15D /* MyCameraInfo.m */; };
		A977196B829A665AAF57E123 /* FrameCounter.m in Sources */ = {isa = PBXBuildFile; fileRef = 6274CC2883159945C01AEEDC /* FrameCounter.m */; };
		ADF8B0EA6A6B24734C9AA58C /* MiniGraphicsTools.cpp in Sources */ = {isa = PBXBuildFile; fileRef = 1754FF232D736FA53DBCD7F0 /* MiniGraphicsTools.cpp */; };
		B6DC609017F3778400D92820 /* run.cpp in Sources */ = {isa = PBXBuildFile; fileRef = B6DC608E17F3778400D92820 /* run.cpp */; };
		B9DA57768B33F7C78565D998 /* MiscTools.cpp in Sources */ = {isa = PBXBuildFile; fileRef = 4C068762039E5B66A5822DF1 /* MiscTools.cpp */; };
		BBAB23CB13894F3D00AA2426 /* GLUT.framework in CopyFiles */ = {isa = PBXBuildFile; fileRef = BBAB23BE13894E4700AA2426 /* GLUT.framework */; };
		C6A9EC27E2608C434BCA1DB9 /* guiType2DSlider.cpp in Sources */ = {isa = PBXBuildFile; fileRef = F740139603D171038C4E1057 /* guiType2DSlider.cpp */; };
		CBA68AD61765B24C0BFD9886 /* guiBaseObject.cpp in Sources */ = {isa = PBXBuildFile; fileRef = 6B7D7ECC5A662345912C93D5 /* guiBaseObject.cpp */; };
		CBE57D7C657C0B7FD0102864 /* guiTypeMultiToggle.cpp in Sources */ = {isa = PBXBuildFile; fileRef = BF1E9A470F4B02D30B8B1D18 /* guiTypeMultiToggle.cpp */; };
		CD33672097FDA1FFBEDAA629 /* GenericDriver.m in Sources */ = {isa = PBXBuildFile; fileRef = 1A67B9CE9777841B26A67C23 /* GenericDriver.m */; };
		D181BFBB3780AD7FDFC2BF76 /* ofxMacamPs3Eye.mm in Sources */ = {isa = PBXBuildFile; fileRef = 23EE769655944E3157CC5088 /* ofxMacamPs3Eye.mm */; };
		D41B30CF66DA734F99A45D5E /* simpleLogger.cpp in Sources */ = {isa = PBXBuildFile; fileRef = C15BFBA225F9D1CF5780BD5E /* simpleLogger.cpp */; };
		DA78A8AE11597B5E43DFE903 /* guiTypeFileLister.cpp in Sources */ = {isa = PBXBuildFile; fileRef = 7E8A185410D2B5002305515A /* guiTypeFileLister.cpp */; };
		DBF52D494F6E2499E17ACBF8 /* guiTypeVideo.cpp in Sources */ = {isa = PBXBuildFile; fileRef = C5BB6D7A0C3A9D760BC22BBB /* guiTypeVideo.cpp */; };
		E4328149138ABC9F0047C5CB /* openFrameworksDebug.a in Frameworks */ = {isa = PBXBuildFile; fileRef = E4328148138ABC890047C5CB /* openFrameworksDebug.a */; };
		E45BE97B0E8CC7DD009D7055 /* AGL.framework in Frameworks */ = {isa = PBXBuildFile; fileRef = E45BE9710E8CC7DD009D7055 /* AGL.framework */; };
		E45BE97C0E8CC7DD009D7055 /* ApplicationServices.framework in Frameworks */ = {isa = PBXBuildFile; fileRef = E45BE9720E8CC7DD009D7055 /* ApplicationServices.framework */; };
		E45BE97D0E8CC7DD009D7055 /* AudioToolbox.framework in Frameworks */ = {isa = PBXBuildFile; fileRef = E45BE9730E8CC7DD009D7055 /* AudioToolbox.framework */; };
		E45BE97E0E8CC7DD009D7055 /* Carbon.framework in Frameworks */ = {isa = PBXBuildFile; fileRef = E45BE9740E8CC7DD009D7055 /* Carbon.framework */; };
		E45BE97F0E8CC7DD009D7055 /* CoreAudio.framework in Frameworks */ = {isa = PBXBuildFile; fileRef = E45BE9750E8CC7DD009D7055 /* CoreAudio.framework */; };
		E45BE9800E8CC7DD009D7055 /* CoreFoundation.framework in Frameworks */ = {isa = PBXBuildFile; fileRef = E45BE9760E8CC7DD009D7055 /* CoreFoundation.framework */; };
		E45BE9810E8CC7DD009D7055 /* CoreServices.framework in Frameworks */ = {isa = PBXBuildFile; fileRef = E45BE9770E8CC7DD009D7055 /* CoreServices.framework */; };
		E45BE9830E8CC7DD009D7055 /* OpenGL.framework in Frameworks */ = {isa = PBXBuildFile; fileRef = E45BE9790E8CC7DD009D7055 /* OpenGL.framework */; };
		E45BE9840E8CC7DD009D7055 /* QuickTime.framework in Frameworks */ = {isa = PBXBuildFile; fileRef = E45BE97A0E8CC7DD009D7055 /* QuickTime.framework */; };
		E4B69E200A3A1BDC003C02F2 /* main.cpp in Sources */ = {isa = PBXBuildFile; fileRef = E4B69E1D0A3A1BDC003C02F2 /* main.cpp */; };
		E4B69E210A3A1BDC003C02F2 /* testApp.cpp in Sources */ = {isa = PBXBuildFile; fileRef = E4B69E1E0A3A1BDC003C02F2 /* testApp.cpp */; };
		E4C2424710CC5A17004149E2 /* AppKit.framework in Frameworks */ = {isa = PBXBuildFile; fileRef = E4C2424410CC5A17004149E2 /* AppKit.framework */; };
		E4C2424810CC5A17004149E2 /* Cocoa.framework in Frameworks */ = {isa = PBXBuildFile; fileRef = E4C2424510CC5A17004149E2 /* Cocoa.framework */; };
		E4C2424910CC5A17004149E2 /* IOKit.framework in Frameworks */ = {isa = PBXBuildFile; fileRef = E4C2424610CC5A17004149E2 /* IOKit.framework */; };
		E4EB6799138ADC1D00A09F29 /* GLUT.framework in Frameworks */ = {isa = PBXBuildFile; fileRef = BBAB23BE13894E4700AA2426 /* GLUT.framework */; };
		E7E077E515D3B63C0020DFD4 /* CoreVideo.framework in Frameworks */ = {isa = PBXBuildFile; fileRef = E7E077E415D3B63C0020DFD4 /* CoreVideo.framework */; };
		E7E077E815D3B6510020DFD4 /* QTKit.framework in Frameworks */ = {isa = PBXBuildFile; fileRef = E7E077E715D3B6510020DFD4 /* QTKit.framework */; };
		E7F985F815E0DEA3003869B5 /* Accelerate.framework in Frameworks */ = {isa = PBXBuildFile; fileRef = E7F985F515E0DE99003869B5 /* Accelerate.framework */; };
		E8999CBB9C2C6F093A5BD013 /* ofxControlPanel.cpp in Sources */ = {isa = PBXBuildFile; fileRef = ED318057376FEDA301BD823E /* ofxControlPanel.cpp */; };
		E8A48D51B598B0E8012410D2 /* guiCallbackValue.cpp in Sources */ = {isa = PBXBuildFile; fileRef = D51169F112943BB2022A756A /* guiCallbackValue.cpp */; };
		EDA6787F2E8DEF6246CF24D3 /* guiTypeLogger.cpp in Sources */ = {isa = PBXBuildFile; fileRef = 589362A07AEB006B1B8BE93F /* guiTypeLogger.cpp */; };
		EE70147F8FCC2E79EF3CD3F5 /* ofxTesseract.cpp in Sources */ = {isa = PBXBuildFile; fileRef = 93D08F51065696AAECA6BE4E /* ofxTesseract.cpp */; };
		F04CCCF871B1F43935BF762B /* ControllerInterface.m in Sources */ = {isa = PBXBuildFile; fileRef = 5C34A8AC6C607A7AFBAF4751 /* ControllerInterface.m */; };
		F3E713688B294518F741B7E9 /* MyCameraCentral.m in Sources */ = {isa = PBXBuildFile; fileRef = 32FA4DC39AD4EDED926B01B0 /* MyCameraCentral.m */; };
/* End PBXBuildFile section */

/* Begin PBXContainerItemProxy section */
		E4328147138ABC890047C5CB /* PBXContainerItemProxy */ = {
			isa = PBXContainerItemProxy;
			containerPortal = E4328143138ABC890047C5CB /* openFrameworksLib.xcodeproj */;
			proxyType = 2;
			remoteGlobalIDString = E4B27C1510CBEB8E00536013;
			remoteInfo = openFrameworks;
		};
		E4EEB9AB138B136A00A80321 /* PBXContainerItemProxy */ = {
			isa = PBXContainerItemProxy;
			containerPortal = E4328143138ABC890047C5CB /* openFrameworksLib.xcodeproj */;
			proxyType = 1;
			remoteGlobalIDString = E4B27C1410CBEB8E00536013;
			remoteInfo = openFrameworks;
		};
/* End PBXContainerItemProxy section */

/* Begin PBXCopyFilesBuildPhase section */
		E4C2427710CC5ABF004149E2 /* CopyFiles */ = {
			isa = PBXCopyFilesBuildPhase;
			buildActionMask = 2147483647;
			dstPath = "";
			dstSubfolderSpec = 10;
			files = (
				BBAB23CB13894F3D00AA2426 /* GLUT.framework in CopyFiles */,
			);
			runOnlyForDeploymentPostprocessing = 0;
		};
/* End PBXCopyFilesBuildPhase section */

/* Begin PBXFileReference section */
		01DCC0911400F9ACF5B65578 /* ofxXmlSettings.h */ = {isa = PBXFileReference; explicitFileType = sourcecode.c.h; fileEncoding = 30; name = ofxXmlSettings.h; path = ../../../addons/ofxXmlSettings/src/ofxXmlSettings.h; sourceTree = SOURCE_ROOT; };
		0623A592865192DAF866EC80 /* guiCallback.cpp */ = {isa = PBXFileReference; explicitFileType = sourcecode.cpp.cpp; fileEncoding = 30; name = guiCallback.cpp; path = ../../../addons/ofxControlPanel/src/guiCallback.cpp; sourceTree = SOURCE_ROOT; };
		08549D86F2263BAFA64AE5D1 /* guiTypePanel.cpp */ = {isa = PBXFileReference; explicitFileType = sourcecode.cpp.cpp; fileEncoding = 30; name = guiTypePanel.cpp; path = ../../../addons/ofxControlPanel/src/guiTypePanel.cpp; sourceTree = SOURCE_ROOT; };
		0D1FF930B42368E7DF128F5C /* guiVariablePointer.h */ = {isa = PBXFileReference; explicitFileType = sourcecode.c.h; fileEncoding = 30; name = guiVariablePointer.h; path = ../../../addons/ofxControlPanel/src/guiVariablePointer.h; sourceTree = SOURCE_ROOT; };
		137E35916E00E8F932C77F4F /* MyCameraCentral.h */ = {isa = PBXFileReference; explicitFileType = sourcecode.c.h; fileEncoding = 30; name = MyCameraCentral.h; path = ../../../addons/ofxMacamPs3Eye/src/macam/include/MyCameraCentral.h; sourceTree = SOURCE_ROOT; };
		1445907105C17263F76087D0 /* guiTypeVairableLister.h */ = {isa = PBXFileReference; explicitFileType = sourcecode.c.h; fileEncoding = 30; name = guiTypeVairableLister.h; path = ../../../addons/ofxControlPanel/src/guiTypeVairableLister.h; sourceTree = SOURCE_ROOT; };
		1754FF232D736FA53DBCD7F0 /* MiniGraphicsTools.cpp */ = {isa = PBXFileReference; explicitFileType = sourcecode.cpp.cpp; fileEncoding = 30; name = MiniGraphicsTools.cpp; path = ../../../addons/ofxMacamPs3Eye/src/macam/MiniGraphicsTools.cpp; sourceTree = SOURCE_ROOT; };
		1A67B9CE9777841B26A67C23 /* GenericDriver.m */ = {isa = PBXFileReference; explicitFileType = sourcecode.cpp.objcpp; fileEncoding = 30; name = GenericDriver.m; path = ../../../addons/ofxMacamPs3Eye/src/macam/GenericDriver.m; sourceTree = SOURCE_ROOT; };
		1C0DE6DDD52E789AF4AA5FE6 /* Sensor.h */ = {isa = PBXFileReference; explicitFileType = sourcecode.c.h; fileEncoding = 30; name = Sensor.h; path = ../../../addons/ofxMacamPs3Eye/src/macam/include/Sensor.h; sourceTree = SOURCE_ROOT; };
		1D8B9A8480A5B3D82CEFFF06 /* simpleFileLister.h */ = {isa = PBXFileReference; explicitFileType = sourcecode.c.h; fileEncoding = 30; name = simpleFileLister.h; path = ../../../addons/ofxControlPanel/src/simpleFileLister.h; sourceTree = SOURCE_ROOT; };
		1E17B07DA944407EC011B0B7 /* guiXmlValue.h */ = {isa = PBXFileReference; explicitFileType = sourcecode.c.h; fileEncoding = 30; name = guiXmlValue.h; path = ../../../addons/ofxControlPanel/src/guiXmlValue.h; sourceTree = SOURCE_ROOT; };
		23EE769655944E3157CC5088 /* ofxMacamPs3Eye.mm */ = {isa = PBXFileReference; explicitFileType = sourcecode.cpp.objcpp; fileEncoding = 30; name = ofxMacamPs3Eye.mm; path = ../../../addons/ofxMacamPs3Eye/src/ofxMacamPs3Eye.mm; sourceTree = SOURCE_ROOT; };
		25F371915E6771CEA7595D51 /* guiTypeText.cpp */ = {isa = PBXFileReference; explicitFileType = sourcecode.cpp.cpp; fileEncoding = 30; name = guiTypeText.cpp; path = ../../../addons/ofxControlPanel/src/guiTypeText.cpp; sourceTree = SOURCE_ROOT; };
		2614FA287618E9CFAFBF1C7B /* FrameCounter.h */ = {isa = PBXFileReference; explicitFileType = sourcecode.c.h; fileEncoding = 30; name = FrameCounter.h; path = ../../../addons/ofxMacamPs3Eye/src/macam/include/FrameCounter.h; sourceTree = SOURCE_ROOT; };
		29897723D8C99BC3F4C66556 /* guiTypeFileLister.h */ = {isa = PBXFileReference; explicitFileType = sourcecode.c.h; fileEncoding = 30; name = guiTypeFileLister.h; path = ../../../addons/ofxControlPanel/src/guiTypeFileLister.h; sourceTree = SOURCE_ROOT; };
		2B40EDA85BEB63E46785BC29 /* tinyxml.cpp */ = {isa = PBXFileReference; explicitFileType = sourcecode.cpp.cpp; fileEncoding = 30; name = tinyxml.cpp; path = ../../../addons/ofxXmlSettings/libs/tinyxml.cpp; sourceTree = SOURCE_ROOT; };
		2C52C43910E7831DAA684AC0 /* AGC.h */ = {isa = PBXFileReference; explicitFileType = sourcecode.c.h; fileEncoding = 30; name = AGC.h; path = ../../../addons/ofxMacamPs3Eye/src/macam/include/AGC.h; sourceTree = SOURCE_ROOT; };
		2D692A0570A93567D01B6D9D /* guiTypeTextDropDown.h */ = {isa = PBXFileReference; explicitFileType = sourcecode.c.h; fileEncoding = 30; name = guiTypeTextDropDown.h; path = ../../../addons/ofxControlPanel/src/guiTypeTextDropDown.h; sourceTree = SOURCE_ROOT; };
		2EB74AD8B15D2AE23201A2CF /* MyCameraDriver.h */ = {isa = PBXFileReference; explicitFileType = sourcecode.c.h; fileEncoding = 30; name = MyCameraDriver.h; path = ../../../addons/ofxMacamPs3Eye/src/macam/include/MyCameraDriver.h; sourceTree = SOURCE_ROOT; };
		32FA4DC39AD4EDED926B01B0 /* MyCameraCentral.m */ = {isa = PBXFileReference; explicitFileType = sourcecode.cpp.objcpp; fileEncoding = 30; name = MyCameraCentral.m; path = ../../../addons/ofxMacamPs3Eye/src/macam/MyCameraCentral.m; sourceTree = SOURCE_ROOT; };
		3A18B217EA10EA8E3C7F6508 /* guiTypeChartPlotter.h */ = {isa = PBXFileReference; explicitFileType = sourcecode.c.h; fileEncoding = 30; name = guiTypeChartPlotter.h; path = ../../../addons/ofxControlPanel/src/guiTypeChartPlotter.h; sourceTree = SOURCE_ROOT; };
		3CD03ABE0301C38C40C1D15D /* MyCameraInfo.m */ = {isa = PBXFileReference; explicitFileType = sourcecode.cpp.objcpp; fileEncoding = 30; name = MyCameraInfo.m; path = ../../../addons/ofxMacamPs3Eye/src/macam/MyCameraInfo.m; sourceTree = SOURCE_ROOT; };
		3D66885FA7C19B7830EE08ED /* guiTypeChartPlotter.cpp */ = {isa = PBXFileReference; explicitFileType = sourcecode.cpp.cpp; fileEncoding = 30; name = guiTypeChartPlotter.cpp; path = ../../../addons/ofxControlPanel/src/guiTypeChartPlotter.cpp; sourceTree = SOURCE_ROOT; };
		3F33638670597C231FC3F62C /* AGC.m */ = {isa = PBXFileReference; explicitFileType = sourcecode.cpp.objcpp; fileEncoding = 30; name = AGC.m; path = ../../../addons/ofxMacamPs3Eye/src/macam/AGC.m; sourceTree = SOURCE_ROOT; };
		4010A22AB915CB992F1B59BF /* Sensor.m */ = {isa = PBXFileReference; explicitFileType = sourcecode.cpp.objcpp; fileEncoding = 30; name = Sensor.m; path = ../../../addons/ofxMacamPs3Eye/src/macam/Sensor.m; sourceTree = SOURCE_ROOT; };
		433F1A9AF67F62A5C34F5C8F /* ofxAutoControlPanel.h */ = {isa = PBXFileReference; explicitFileType = sourcecode.c.h; fileEncoding = 30; name = ofxAutoControlPanel.h; path = ../../../addons/ofxControlPanel/src/ofxAutoControlPanel.h; sourceTree = SOURCE_ROOT; };
		464C839D30CCEFF771B2E422 /* PS3EyeWindowAppDelegate.m */ = {isa = PBXFileReference; explicitFileType = sourcecode.cpp.objcpp; fileEncoding = 30; name = PS3EyeWindowAppDelegate.m; path = ../../../addons/ofxMacamPs3Eye/src/PS3EyeWindowAppDelegate.m; sourceTree = SOURCE_ROOT; };
		47BE5485B4A3F404846499FA /* MiscTools.h */ = {isa = PBXFileReference; explicitFileType = sourcecode.c.h; fileEncoding = 30; name = MiscTools.h; path = ../../../addons/ofxMacamPs3Eye/src/macam/include/MiscTools.h; sourceTree = SOURCE_ROOT; };
		49CA6F47242293DAF5A715A8 /* simpleColor.h */ = {isa = PBXFileReference; explicitFileType = sourcecode.c.h; fileEncoding = 30; name = simpleColor.h; path = ../../../addons/ofxControlPanel/src/simpleColor.h; sourceTree = SOURCE_ROOT; };
		4BC67DBB14FF67076137AF39 /* guiValue.h */ = {isa = PBXFileReference; explicitFileType = sourcecode.c.h; fileEncoding = 30; name = guiValue.h; path = ../../../addons/ofxControlPanel/src/guiValue.h; sourceTree = SOURCE_ROOT; };
		4C068762039E5B66A5822DF1 /* MiscTools.cpp */ = {isa = PBXFileReference; explicitFileType = sourcecode.cpp.cpp; fileEncoding = 30; name = MiscTools.cpp; path = ../../../addons/ofxMacamPs3Eye/src/macam/MiscTools.cpp; sourceTree = SOURCE_ROOT; };
		4ED7010A59CFBFF66DC17A56 /* guiTypeButtonSlider.h */ = {isa = PBXFileReference; explicitFileType = sourcecode.c.h; fileEncoding = 30; name = guiTypeButtonSlider.h; path = ../../../addons/ofxControlPanel/src/guiTypeButtonSlider.h; sourceTree = SOURCE_ROOT; };
		4F64D7DD70C6B5B1FC395DED /* guiTypeTextDropDown.cpp */ = {isa = PBXFileReference; explicitFileType = sourcecode.cpp.cpp; fileEncoding = 30; name = guiTypeTextDropDown.cpp; path = ../../../addons/ofxControlPanel/src/guiTypeTextDropDown.cpp; sourceTree = SOURCE_ROOT; };
		50DF87D612C5AAE17AAFA6C0 /* ofxXmlSettings.cpp */ = {isa = PBXFileReference; explicitFileType = sourcecode.cpp.cpp; fileEncoding = 30; name = ofxXmlSettings.cpp; path = ../../../addons/ofxXmlSettings/src/ofxXmlSettings.cpp; sourceTree = SOURCE_ROOT; };
		589362A07AEB006B1B8BE93F /* guiTypeLogger.cpp */ = {isa = PBXFileReference; explicitFileType = sourcecode.cpp.cpp; fileEncoding = 30; name = guiTypeLogger.cpp; path = ../../../addons/ofxControlPanel/src/guiTypeLogger.cpp; sourceTree = SOURCE_ROOT; };
		5C34A8AC6C607A7AFBAF4751 /* ControllerInterface.m */ = {isa = PBXFileReference; explicitFileType = sourcecode.cpp.objcpp; fileEncoding = 30; name = ControllerInterface.m; path = ../../../addons/ofxMacamPs3Eye/src/macam/ControllerInterface.m; sourceTree = SOURCE_ROOT; };
		5CD68CA8FE136C3BE208703B /* guiTypeSlider.cpp */ = {isa = PBXFileReference; explicitFileType = sourcecode.cpp.cpp; fileEncoding = 30; name = guiTypeSlider.cpp; path = ../../../addons/ofxControlPanel/src/guiTypeSlider.cpp; sourceTree = SOURCE_ROOT; };
		62121AB82E8C23F11BBC56E4 /* guiTypeToggle.cpp */ = {isa = PBXFileReference; explicitFileType = sourcecode.cpp.cpp; fileEncoding = 30; name = guiTypeToggle.cpp; path = ../../../addons/ofxControlPanel/src/guiTypeToggle.cpp; sourceTree = SOURCE_ROOT; };
		6274CC2883159945C01AEEDC /* FrameCounter.m */ = {isa = PBXFileReference; explicitFileType = sourcecode.cpp.objcpp; fileEncoding = 30; name = FrameCounter.m; path = ../../../addons/ofxMacamPs3Eye/src/macam/FrameCounter.m; sourceTree = SOURCE_ROOT; };
		6B7D7ECC5A662345912C93D5 /* guiBaseObject.cpp */ = {isa = PBXFileReference; explicitFileType = sourcecode.cpp.cpp; fileEncoding = 30; name = guiBaseObject.cpp; path = ../../../addons/ofxControlPanel/src/guiBaseObject.cpp; sourceTree = SOURCE_ROOT; };
		6C4532B7B7B34FE9C6C824D5 /* ofxTesseract.h */ = {isa = PBXFileReference; explicitFileType = sourcecode.c.h; fileEncoding = 30; name = ofxTesseract.h; path = ../../../addons/ofxTesseract/src/ofxTesseract.h; sourceTree = SOURCE_ROOT; };
		6D052DC6B3F5629D6E714325 /* ofxMacamPs3Eye.h */ = {isa = PBXFileReference; explicitFileType = sourcecode.c.h; fileEncoding = 30; name = ofxMacamPs3Eye.h; path = ../../../addons/ofxMacamPs3Eye/src/ofxMacamPs3Eye.h; sourceTree = SOURCE_ROOT; };
		6DDF13A4EF64524A9026EF50 /* guiColor.h */ = {isa = PBXFileReference; explicitFileType = sourcecode.c.h; fileEncoding = 30; name = guiColor.h; path = ../../../addons/ofxControlPanel/src/guiColor.h; sourceTree = SOURCE_ROOT; };
		6E44E5C09C8D861D4939F9AE /* BayerConverter.h */ = {isa = PBXFileReference; explicitFileType = sourcecode.c.h; fileEncoding = 30; name = BayerConverter.h; path = ../../../addons/ofxMacamPs3Eye/src/macam/include/BayerConverter.h; sourceTree = SOURCE_ROOT; };
		6F5E052EDC8E42EB2BEBFBB2 /* ofxControlPanel.h */ = {isa = PBXFileReference; explicitFileType = sourcecode.c.h; fileEncoding = 30; name = ofxControlPanel.h; path = ../../../addons/ofxControlPanel/src/ofxControlPanel.h; sourceTree = SOURCE_ROOT; };
		6FCDF1191D78DB4E5238AC46 /* guiTypeTextInput.h */ = {isa = PBXFileReference; explicitFileType = sourcecode.c.h; fileEncoding = 30; name = guiTypeTextInput.h; path = ../../../addons/ofxControlPanel/src/guiTypeTextInput.h; sourceTree = SOURCE_ROOT; };
		76AC9361ADD00E0A97505518 /* guiTypeVairableLister.cpp */ = {isa = PBXFileReference; explicitFileType = sourcecode.cpp.cpp; fileEncoding = 30; name = guiTypeVairableLister.cpp; path = ../../../addons/ofxControlPanel/src/guiTypeVairableLister.cpp; sourceTree = SOURCE_ROOT; };
		77931D91B3B629C34FA05DAB /* Resolvers.h */ = {isa = PBXFileReference; explicitFileType = sourcecode.c.h; fileEncoding = 30; name = Resolvers.h; path = ../../../addons/ofxMacamPs3Eye/src/macam/include/Resolvers.h; sourceTree = SOURCE_ROOT; };
		785EF65F14138AB610C0595E /* guiCallbackValue.h */ = {isa = PBXFileReference; explicitFileType = sourcecode.c.h; fileEncoding = 30; name = guiCallbackValue.h; path = ../../../addons/ofxControlPanel/src/guiCallbackValue.h; sourceTree = SOURCE_ROOT; };
		7B621BD2F5DE1FF903FB7F2C /* simpleLogger.h */ = {isa = PBXFileReference; explicitFileType = sourcecode.c.h; fileEncoding = 30; name = simpleLogger.h; path = ../../../addons/ofxControlPanel/src/simpleLogger.h; sourceTree = SOURCE_ROOT; };
		7E8A185410D2B5002305515A /* guiTypeFileLister.cpp */ = {isa = PBXFileReference; explicitFileType = sourcecode.cpp.cpp; fileEncoding = 30; name = guiTypeFileLister.cpp; path = ../../../addons/ofxControlPanel/src/guiTypeFileLister.cpp; sourceTree = SOURCE_ROOT; };
		8131428D7458EC1392831F6C /* guiType2DSlider.h */ = {isa = PBXFileReference; explicitFileType = sourcecode.c.h; fileEncoding = 30; name = guiType2DSlider.h; path = ../../../addons/ofxControlPanel/src/guiType2DSlider.h; sourceTree = SOURCE_ROOT; };
		815C422E69C6FFEEB97D1B0A /* guiTypeDrawable.h */ = {isa = PBXFileReference; explicitFileType = sourcecode.c.h; fileEncoding = 30; name = guiTypeDrawable.h; path = ../../../addons/ofxControlPanel/src/guiTypeDrawable.h; sourceTree = SOURCE_ROOT; };
		82741786E8E6961C9B9EA2DF /* guiTypeToggle.h */ = {isa = PBXFileReference; explicitFileType = sourcecode.c.h; fileEncoding = 30; name = guiTypeToggle.h; path = ../../../addons/ofxControlPanel/src/guiTypeToggle.h; sourceTree = SOURCE_ROOT; };
		832BDC407620CDBA568B713D /* tinyxmlerror.cpp */ = {isa = PBXFileReference; explicitFileType = sourcecode.cpp.cpp; fileEncoding = 30; name = tinyxmlerror.cpp; path = ../../../addons/ofxXmlSettings/libs/tinyxmlerror.cpp; sourceTree = SOURCE_ROOT; };
		87D93EE57AD57449E2495A18 /* GlobalDefs.h */ = {isa = PBXFileReference; explicitFileType = sourcecode.c.h; fileEncoding = 30; name = GlobalDefs.h; path = ../../../addons/ofxMacamPs3Eye/src/macam/include/GlobalDefs.h; sourceTree = SOURCE_ROOT; };
		8F5AFDA23DE220F49EA17CBC /* guiTypeButtonSlider.cpp */ = {isa = PBXFileReference; explicitFileType = sourcecode.cpp.cpp; fileEncoding = 30; name = guiTypeButtonSlider.cpp; path = ../../../addons/ofxControlPanel/src/guiTypeButtonSlider.cpp; sourceTree = SOURCE_ROOT; };
		93D08F51065696AAECA6BE4E /* ofxTesseract.cpp */ = {isa = PBXFileReference; explicitFileType = sourcecode.cpp.cpp; fileEncoding = 30; name = ofxTesseract.cpp; path = ../../../addons/ofxTesseract/src/ofxTesseract.cpp; sourceTree = SOURCE_ROOT; };
		96A74EEE44271A03CD567617 /* OV534Driver.h */ = {isa = PBXFileReference; explicitFileType = sourcecode.c.h; fileEncoding = 30; name = OV534Driver.h; path = ../../../addons/ofxMacamPs3Eye/src/macam/include/OV534Driver.h; sourceTree = SOURCE_ROOT; };
		9A234A6E775BFC7C47B1E336 /* guiTextBase.cpp */ = {isa = PBXFileReference; explicitFileType = sourcecode.cpp.cpp; fileEncoding = 30; name = guiTextBase.cpp; path = ../../../addons/ofxControlPanel/src/guiTextBase.cpp; sourceTree = SOURCE_ROOT; };
		9AD86EB22381AC3DEEA8F304 /* guiBaseObject.h */ = {isa = PBXFileReference; explicitFileType = sourcecode.c.h; fileEncoding = 30; name = guiBaseObject.h; path = ../../../addons/ofxControlPanel/src/guiBaseObject.h; sourceTree = SOURCE_ROOT; };
		9F91D61ED1C9EFA6A2ACDC47 /* guiValue.cpp */ = {isa = PBXFileReference; explicitFileType = sourcecode.cpp.cpp; fileEncoding = 30; name = guiValue.cpp; path = ../../../addons/ofxControlPanel/src/guiValue.cpp; sourceTree = SOURCE_ROOT; };
		A8F5D6546B2050363E043358 /* simpleColor.cpp */ = {isa = PBXFileReference; explicitFileType = sourcecode.cpp.cpp; fileEncoding = 30; name = simpleColor.cpp; path = ../../../addons/ofxControlPanel/src/simpleColor.cpp; sourceTree = SOURCE_ROOT; };
		AB1EDBEE566B226A8832E191 /* guiIncludes.h */ = {isa = PBXFileReference; explicitFileType = sourcecode.c.h; fileEncoding = 30; name = guiIncludes.h; path = ../../../addons/ofxControlPanel/src/guiIncludes.h; sourceTree = SOURCE_ROOT; };
		AB387C0823B100FFDDBBF9D2 /* LookUpTable.h */ = {isa = PBXFileReference; explicitFileType = sourcecode.c.h; fileEncoding = 30; name = LookUpTable.h; path = ../../../addons/ofxMacamPs3Eye/src/macam/include/LookUpTable.h; sourceTree = SOURCE_ROOT; };
		B21E7E5F548EEA92F368040B /* tinyxml.h */ = {isa = PBXFileReference; explicitFileType = sourcecode.c.h; fileEncoding = 30; name = tinyxml.h; path = ../../../addons/ofxXmlSettings/libs/tinyxml.h; sourceTree = SOURCE_ROOT; };
		B3C7247ED359BE65B5319A20 /* guiTypeLogger.h */ = {isa = PBXFileReference; explicitFileType = sourcecode.c.h; fileEncoding = 30; name = guiTypeLogger.h; path = ../../../addons/ofxControlPanel/src/guiTypeLogger.h; sourceTree = SOURCE_ROOT; };
		B57E64EE6D9AF5E0A16FCD1E /* Resolvers.cpp */ = {isa = PBXFileReference; explicitFileType = sourcecode.cpp.cpp; fileEncoding = 30; name = Resolvers.cpp; path = ../../../addons/ofxMacamPs3Eye/src/macam/Resolvers.cpp; sourceTree = SOURCE_ROOT; };
		B64FB1A368486A378452239D /* guiTextBase.h */ = {isa = PBXFileReference; explicitFileType = sourcecode.c.h; fileEncoding = 30; name = guiTextBase.h; path = ../../../addons/ofxControlPanel/src/guiTextBase.h; sourceTree = SOURCE_ROOT; };
		B6BB1F1217F2947C00783BEF /* ofxUI.h */ = {isa = PBXFileReference; fileEncoding = 4; lastKnownFileType = sourcecode.c.h; path = ofxUI.h; sourceTree = "<group>"; };
		B6BB1F1317F2947C00783BEF /* ofxUI2DGraph.h */ = {isa = PBXFileReference; fileEncoding = 4; lastKnownFileType = sourcecode.c.h; path = ofxUI2DGraph.h; sourceTree = "<group>"; };
		B6BB1F1417F2947C00783BEF /* ofxUI2DPad.h */ = {isa = PBXFileReference; fileEncoding = 4; lastKnownFileType = sourcecode.c.h; path = ofxUI2DPad.h; sourceTree = "<group>"; };
		B6BB1F1517F2947C00783BEF /* ofxUIBaseDraws.h */ = {isa = PBXFileReference; fileEncoding = 4; lastKnownFileType = sourcecode.c.h; path = ofxUIBaseDraws.h; sourceTree = "<group>"; };
		B6BB1F1617F2947C00783BEF /* ofxUIBiLabelSlider.h */ = {isa = PBXFileReference; fileEncoding = 4; lastKnownFileType = sourcecode.c.h; path = ofxUIBiLabelSlider.h; sourceTree = "<group>"; };
		B6BB1F1717F2947C00783BEF /* ofxUIButton.h */ = {isa = PBXFileReference; fileEncoding = 4; lastKnownFileType = sourcecode.c.h; path = ofxUIButton.h; sourceTree = "<group>"; };
		B6BB1F1817F2947C00783BEF /* ofxUICanvas.h */ = {isa = PBXFileReference; fileEncoding = 4; lastKnownFileType = sourcecode.c.h; path = ofxUICanvas.h; sourceTree = "<group>"; };
		B6BB1F1917F2947C00783BEF /* ofxUICircleSlider.h */ = {isa = PBXFileReference; fileEncoding = 4; lastKnownFileType = sourcecode.c.h; path = ofxUICircleSlider.h; sourceTree = "<group>"; };
		B6BB1F1A17F2947C00783BEF /* ofxUICustomImageButton.h */ = {isa = PBXFileReference; fileEncoding = 4; lastKnownFileType = sourcecode.c.h; path = ofxUICustomImageButton.h; sourceTree = "<group>"; };
		B6BB1F1B17F2947C00783BEF /* ofxUIDropDownList.h */ = {isa = PBXFileReference; fileEncoding = 4; lastKnownFileType = sourcecode.c.h; path = ofxUIDropDownList.h; sourceTree = "<group>"; };
		B6BB1F1C17F2947C00783BEF /* ofxUIEventArgs.h */ = {isa = PBXFileReference; fileEncoding = 4; lastKnownFileType = sourcecode.c.h; path = ofxUIEventArgs.h; sourceTree = "<group>"; };
		B6BB1F1D17F2947C00783BEF /* ofxUIFPS.h */ = {isa = PBXFileReference; fileEncoding = 4; lastKnownFileType = sourcecode.c.h; path = ofxUIFPS.h; sourceTree = "<group>"; };
		B6BB1F1E17F2947C00783BEF /* ofxUIFPSSlider.h */ = {isa = PBXFileReference; fileEncoding = 4; lastKnownFileType = sourcecode.c.h; path = ofxUIFPSSlider.h; sourceTree = "<group>"; };
		B6BB1F1F17F2947C00783BEF /* ofxUIImage.h */ = {isa = PBXFileReference; fileEncoding = 4; lastKnownFileType = sourcecode.c.h; path = ofxUIImage.h; sourceTree = "<group>"; };
		B6BB1F2017F2947C00783BEF /* ofxUIImageButton.h */ = {isa = PBXFileReference; fileEncoding = 4; lastKnownFileType = sourcecode.c.h; path = ofxUIImageButton.h; sourceTree = "<group>"; };
		B6BB1F2117F2947C00783BEF /* ofxUIImageSampler.h */ = {isa = PBXFileReference; fileEncoding = 4; lastKnownFileType = sourcecode.c.h; path = ofxUIImageSampler.h; sourceTree = "<group>"; };
		B6BB1F2217F2947C00783BEF /* ofxUIImageSlider.h */ = {isa = PBXFileReference; fileEncoding = 4; lastKnownFileType = sourcecode.c.h; path = ofxUIImageSlider.h; sourceTree = "<group>"; };
		B6BB1F2317F2947C00783BEF /* ofxUIImageToggle.h */ = {isa = PBXFileReference; fileEncoding = 4; lastKnownFileType = sourcecode.c.h; path = ofxUIImageToggle.h; sourceTree = "<group>"; };
		B6BB1F2417F2947C00783BEF /* ofxUILabel.h */ = {isa = PBXFileReference; fileEncoding = 4; lastKnownFileType = sourcecode.c.h; path = ofxUILabel.h; sourceTree = "<group>"; };
		B6BB1F2517F2947C00783BEF /* ofxUILabelButton.h */ = {isa = PBXFileReference; fileEncoding = 4; lastKnownFileType = sourcecode.c.h; path = ofxUILabelButton.h; sourceTree = "<group>"; };
		B6BB1F2617F2947C00783BEF /* ofxUILabelToggle.h */ = {isa = PBXFileReference; fileEncoding = 4; lastKnownFileType = sourcecode.c.h; path = ofxUILabelToggle.h; sourceTree = "<group>"; };
		B6BB1F2717F2947C00783BEF /* ofxUIMinimalSlider.h */ = {isa = PBXFileReference; fileEncoding = 4; lastKnownFileType = sourcecode.c.h; path = ofxUIMinimalSlider.h; sourceTree = "<group>"; };
		B6BB1F2817F2947C00783BEF /* ofxUIMovingGraph.h */ = {isa = PBXFileReference; fileEncoding = 4; lastKnownFileType = sourcecode.c.h; path = ofxUIMovingGraph.h; sourceTree = "<group>"; };
		B6BB1F2917F2947C00783BEF /* ofxUIMultiImageButton.h */ = {isa = PBXFileReference; fileEncoding = 4; lastKnownFileType = sourcecode.c.h; path = ofxUIMultiImageButton.h; sourceTree = "<group>"; };
		B6BB1F2A17F2947C00783BEF /* ofxUIMultiImageSlider.h */ = {isa = PBXFileReference; fileEncoding = 4; lastKnownFileType = sourcecode.c.h; path = ofxUIMultiImageSlider.h; sourceTree = "<group>"; };
		B6BB1F2B17F2947C00783BEF /* ofxUIMultiImageToggle.h */ = {isa = PBXFileReference; fileEncoding = 4; lastKnownFileType = sourcecode.c.h; path = ofxUIMultiImageToggle.h; sourceTree = "<group>"; };
		B6BB1F2C17F2947C00783BEF /* ofxUINumberDialer.h */ = {isa = PBXFileReference; fileEncoding = 4; lastKnownFileType = sourcecode.c.h; path = ofxUINumberDialer.h; sourceTree = "<group>"; };
		B6BB1F2D17F2947C00783BEF /* ofxUIOFWrapper.h */ = {isa = PBXFileReference; fileEncoding = 4; lastKnownFileType = sourcecode.c.h; path = ofxUIOFWrapper.h; sourceTree = "<group>"; };
		B6BB1F2E17F2947C00783BEF /* ofxUIRadio.h */ = {isa = PBXFileReference; fileEncoding = 4; lastKnownFileType = sourcecode.c.h; path = ofxUIRadio.h; sourceTree = "<group>"; };
		B6BB1F2F17F2947C00783BEF /* ofxUIRangeSlider.h */ = {isa = PBXFileReference; fileEncoding = 4; lastKnownFileType = sourcecode.c.h; path = ofxUIRangeSlider.h; sourceTree = "<group>"; };
		B6BB1F3017F2947C00783BEF /* ofxUIRectangle.h */ = {isa = PBXFileReference; fileEncoding = 4; lastKnownFileType = sourcecode.c.h; path = ofxUIRectangle.h; sourceTree = "<group>"; };
		B6BB1F3117F2947C00783BEF /* ofxUIRotarySlider.h */ = {isa = PBXFileReference; fileEncoding = 4; lastKnownFileType = sourcecode.c.h; path = ofxUIRotarySlider.h; sourceTree = "<group>"; };
		B6BB1F3217F2947C00783BEF /* ofxUIScrollableCanvas.h */ = {isa = PBXFileReference; fileEncoding = 4; lastKnownFileType = sourcecode.c.h; path = ofxUIScrollableCanvas.h; sourceTree = "<group>"; };
		B6BB1F3317F2947C00783BEF /* ofxUISlider.h */ = {isa = PBXFileReference; fileEncoding = 4; lastKnownFileType = sourcecode.c.h; path = ofxUISlider.h; sourceTree = "<group>"; };
		B6BB1F3417F2947C00783BEF /* ofxUISpacer.h */ = {isa = PBXFileReference; fileEncoding = 4; lastKnownFileType = sourcecode.c.h; path = ofxUISpacer.h; sourceTree = "<group>"; };
		B6BB1F3517F2947C00783BEF /* ofxUISpectrum.h */ = {isa = PBXFileReference; fileEncoding = 4; lastKnownFileType = sourcecode.c.h; path = ofxUISpectrum.h; sourceTree = "<group>"; };
		B6BB1F3617F2947C00783BEF /* ofxUISuperCanvas.h */ = {isa = PBXFileReference; fileEncoding = 4; lastKnownFileType = sourcecode.c.h; path = ofxUISuperCanvas.h; sourceTree = "<group>"; };
		B6BB1F3717F2947C00783BEF /* ofxUITabBar.h */ = {isa = PBXFileReference; fileEncoding = 4; lastKnownFileType = sourcecode.c.h; path = ofxUITabBar.h; sourceTree = "<group>"; };
		B6BB1F3817F2947C00783BEF /* ofxUITextArea.h */ = {isa = PBXFileReference; fileEncoding = 4; lastKnownFileType = sourcecode.c.h; path = ofxUITextArea.h; sourceTree = "<group>"; };
		B6BB1F3917F2947C00783BEF /* ofxUITextInput.h */ = {isa = PBXFileReference; fileEncoding = 4; lastKnownFileType = sourcecode.c.h; path = ofxUITextInput.h; sourceTree = "<group>"; };
		B6BB1F3A17F2947D00783BEF /* ofxUIToggle.h */ = {isa = PBXFileReference; fileEncoding = 4; lastKnownFileType = sourcecode.c.h; path = ofxUIToggle.h; sourceTree = "<group>"; };
		B6BB1F3B17F2947D00783BEF /* ofxUIToggleMatrix.h */ = {isa = PBXFileReference; fileEncoding = 4; lastKnownFileType = sourcecode.c.h; path = ofxUIToggleMatrix.h; sourceTree = "<group>"; };
		B6BB1F3C17F2947D00783BEF /* ofxUIUtils.h */ = {isa = PBXFileReference; fileEncoding = 4; lastKnownFileType = sourcecode.c.h; path = ofxUIUtils.h; sourceTree = "<group>"; };
		B6BB1F3D17F2947D00783BEF /* ofxUIValuePlotter.h */ = {isa = PBXFileReference; fileEncoding = 4; lastKnownFileType = sourcecode.c.h; path = ofxUIValuePlotter.h; sourceTree = "<group>"; };
		B6BB1F3E17F2947D00783BEF /* ofxUIWaveform.h */ = {isa = PBXFileReference; fileEncoding = 4; lastKnownFileType = sourcecode.c.h; path = ofxUIWaveform.h; sourceTree = "<group>"; };
		B6BB1F3F17F2947D00783BEF /* ofxUIWidget.h */ = {isa = PBXFileReference; fileEncoding = 4; lastKnownFileType = sourcecode.c.h; path = ofxUIWidget.h; sourceTree = "<group>"; };
		B6BB1F4017F2947D00783BEF /* ofxUIWidgetWithLabel.h */ = {isa = PBXFileReference; fileEncoding = 4; lastKnownFileType = sourcecode.c.h; path = ofxUIWidgetWithLabel.h; sourceTree = "<group>"; };
		B6DC608E17F3778400D92820 /* run.cpp */ = {isa = PBXFileReference; fileEncoding = 4; lastKnownFileType = sourcecode.cpp.cpp; path = run.cpp; sourceTree = "<group>"; };
		B6DC608F17F3778400D92820 /* run.h */ = {isa = PBXFileReference; fileEncoding = 4; lastKnownFileType = sourcecode.c.h; path = run.h; sourceTree = "<group>"; };
		B6DE77B62F1E9D2BDE3BE888 /* Histogram.m */ = {isa = PBXFileReference; explicitFileType = sourcecode.cpp.objcpp; fileEncoding = 30; name = Histogram.m; path = ../../../addons/ofxMacamPs3Eye/src/macam/Histogram.m; sourceTree = SOURCE_ROOT; };
		B70D8C165CC65EEE349E643F /* guiTypeCustom.h */ = {isa = PBXFileReference; explicitFileType = sourcecode.c.h; fileEncoding = 30; name = guiTypeCustom.h; path = ../../../addons/ofxControlPanel/src/guiTypeCustom.h; sourceTree = SOURCE_ROOT; };
		BBAB23BE13894E4700AA2426 /* GLUT.framework */ = {isa = PBXFileReference; lastKnownFileType = wrapper.framework; name = GLUT.framework; path = ../../../libs/glut/lib/osx/GLUT.framework; sourceTree = "<group>"; };
		BBFE848658BFD39968B880EA /* MyCameraInfo.h */ = {isa = PBXFileReference; explicitFileType = sourcecode.c.h; fileEncoding = 30; name = MyCameraInfo.h; path = ../../../addons/ofxMacamPs3Eye/src/macam/include/MyCameraInfo.h; sourceTree = SOURCE_ROOT; };
		BC9CFE7ABB8DB2CA0F20D3FE /* ControllerInterface.h */ = {isa = PBXFileReference; explicitFileType = sourcecode.c.h; fileEncoding = 30; name = ControllerInterface.h; path = ../../../addons/ofxMacamPs3Eye/src/macam/include/ControllerInterface.h; sourceTree = SOURCE_ROOT; };
		BDD9E60039A29DAFB013CDBD /* simpleFileLister.cpp */ = {isa = PBXFileReference; explicitFileType = sourcecode.cpp.cpp; fileEncoding = 30; name = simpleFileLister.cpp; path = ../../../addons/ofxControlPanel/src/simpleFileLister.cpp; sourceTree = SOURCE_ROOT; };
		BF1E9A470F4B02D30B8B1D18 /* guiTypeMultiToggle.cpp */ = {isa = PBXFileReference; explicitFileType = sourcecode.cpp.cpp; fileEncoding = 30; name = guiTypeMultiToggle.cpp; path = ../../../addons/ofxControlPanel/src/guiTypeMultiToggle.cpp; sourceTree = SOURCE_ROOT; };
		C15BFBA225F9D1CF5780BD5E /* simpleLogger.cpp */ = {isa = PBXFileReference; explicitFileType = sourcecode.cpp.cpp; fileEncoding = 30; name = simpleLogger.cpp; path = ../../../addons/ofxControlPanel/src/simpleLogger.cpp; sourceTree = SOURCE_ROOT; };
		C5BB6D7A0C3A9D760BC22BBB /* guiTypeVideo.cpp */ = {isa = PBXFileReference; explicitFileType = sourcecode.cpp.cpp; fileEncoding = 30; name = guiTypeVideo.cpp; path = ../../../addons/ofxControlPanel/src/guiTypeVideo.cpp; sourceTree = SOURCE_ROOT; };
		C98555832C3FDEAD35DC1CF4 /* MiniGraphicsTools.h */ = {isa = PBXFileReference; explicitFileType = sourcecode.c.h; fileEncoding = 30; name = MiniGraphicsTools.h; path = ../../../addons/ofxMacamPs3Eye/src/macam/include/MiniGraphicsTools.h; sourceTree = SOURCE_ROOT; };
		CBD6E9E8B022AB69FE7E454E /* guiTypeVideo.h */ = {isa = PBXFileReference; explicitFileType = sourcecode.c.h; fileEncoding = 30; name = guiTypeVideo.h; path = ../../../addons/ofxControlPanel/src/guiTypeVideo.h; sourceTree = SOURCE_ROOT; };
		CE0C97E3F012F9FADFB5F260 /* guiTypeText.h */ = {isa = PBXFileReference; explicitFileType = sourcecode.c.h; fileEncoding = 30; name = guiTypeText.h; path = ../../../addons/ofxControlPanel/src/guiTypeText.h; sourceTree = SOURCE_ROOT; };
		CF1E9C1085A9A9924E1D8804 /* OV534Driver.m */ = {isa = PBXFileReference; explicitFileType = sourcecode.cpp.objcpp; fileEncoding = 30; name = OV534Driver.m; path = ../../../addons/ofxMacamPs3Eye/src/macam/OV534Driver.m; sourceTree = SOURCE_ROOT; };
		CFC7A1F656C34688D0EA0D0C /* guiTypeLabel.cpp */ = {isa = PBXFileReference; explicitFileType = sourcecode.cpp.cpp; fileEncoding = 30; name = guiTypeLabel.cpp; path = ../../../addons/ofxControlPanel/src/guiTypeLabel.cpp; sourceTree = SOURCE_ROOT; };
		CFED64139BF049D0E6E85B06 /* guiTypeCustom.cpp */ = {isa = PBXFileReference; explicitFileType = sourcecode.cpp.cpp; fileEncoding = 30; name = guiTypeCustom.cpp; path = ../../../addons/ofxControlPanel/src/guiTypeCustom.cpp; sourceTree = SOURCE_ROOT; };
		D11AF1710220D1059049EB19 /* guiTypeMultiToggle.h */ = {isa = PBXFileReference; explicitFileType = sourcecode.c.h; fileEncoding = 30; name = guiTypeMultiToggle.h; path = ../../../addons/ofxControlPanel/src/guiTypeMultiToggle.h; sourceTree = SOURCE_ROOT; };
		D3AC91D60FBBEB4AA58B1972 /* guiTypeLabel.h */ = {isa = PBXFileReference; explicitFileType = sourcecode.c.h; fileEncoding = 30; name = guiTypeLabel.h; path = ../../../addons/ofxControlPanel/src/guiTypeLabel.h; sourceTree = SOURCE_ROOT; };
		D4944026CDFD5CED0A8EFF8A /* guiTypePanel.h */ = {isa = PBXFileReference; explicitFileType = sourcecode.c.h; fileEncoding = 30; name = guiTypePanel.h; path = ../../../addons/ofxControlPanel/src/guiTypePanel.h; sourceTree = SOURCE_ROOT; };
		D51169F112943BB2022A756A /* guiCallbackValue.cpp */ = {isa = PBXFileReference; explicitFileType = sourcecode.cpp.cpp; fileEncoding = 30; name = guiCallbackValue.cpp; path = ../../../addons/ofxControlPanel/src/guiCallbackValue.cpp; sourceTree = SOURCE_ROOT; };
		D859BBB55780DA0D9098DBD2 /* guiColor.cpp */ = {isa = PBXFileReference; explicitFileType = sourcecode.cpp.cpp; fileEncoding = 30; name = guiColor.cpp; path = ../../../addons/ofxControlPanel/src/guiColor.cpp; sourceTree = SOURCE_ROOT; };
		DB609B0A16264158C61C979F /* guiTypeTextInput.cpp */ = {isa = PBXFileReference; explicitFileType = sourcecode.cpp.cpp; fileEncoding = 30; name = guiTypeTextInput.cpp; path = ../../../addons/ofxControlPanel/src/guiTypeTextInput.cpp; sourceTree = SOURCE_ROOT; };
		E4328143138ABC890047C5CB /* openFrameworksLib.xcodeproj */ = {isa = PBXFileReference; lastKnownFileType = "wrapper.pb-project"; name = openFrameworksLib.xcodeproj; path = ../../../libs/openFrameworksCompiled/project/osx/openFrameworksLib.xcodeproj; sourceTree = SOURCE_ROOT; };
		E45BE9710E8CC7DD009D7055 /* AGL.framework */ = {isa = PBXFileReference; lastKnownFileType = wrapper.framework; name = AGL.framework; path = /System/Library/Frameworks/AGL.framework; sourceTree = "<absolute>"; };
		E45BE9720E8CC7DD009D7055 /* ApplicationServices.framework */ = {isa = PBXFileReference; lastKnownFileType = wrapper.framework; name = ApplicationServices.framework; path = /System/Library/Frameworks/ApplicationServices.framework; sourceTree = "<absolute>"; };
		E45BE9730E8CC7DD009D7055 /* AudioToolbox.framework */ = {isa = PBXFileReference; lastKnownFileType = wrapper.framework; name = AudioToolbox.framework; path = /System/Library/Frameworks/AudioToolbox.framework; sourceTree = "<absolute>"; };
		E45BE9740E8CC7DD009D7055 /* Carbon.framework */ = {isa = PBXFileReference; lastKnownFileType = wrapper.framework; name = Carbon.framework; path = /System/Library/Frameworks/Carbon.framework; sourceTree = "<absolute>"; };
		E45BE9750E8CC7DD009D7055 /* CoreAudio.framework */ = {isa = PBXFileReference; lastKnownFileType = wrapper.framework; name = CoreAudio.framework; path = /System/Library/Frameworks/CoreAudio.framework; sourceTree = "<absolute>"; };
		E45BE9760E8CC7DD009D7055 /* CoreFoundation.framework */ = {isa = PBXFileReference; lastKnownFileType = wrapper.framework; name = CoreFoundation.framework; path = /System/Library/Frameworks/CoreFoundation.framework; sourceTree = "<absolute>"; };
		E45BE9770E8CC7DD009D7055 /* CoreServices.framework */ = {isa = PBXFileReference; lastKnownFileType = wrapper.framework; name = CoreServices.framework; path = /System/Library/Frameworks/CoreServices.framework; sourceTree = "<absolute>"; };
		E45BE9790E8CC7DD009D7055 /* OpenGL.framework */ = {isa = PBXFileReference; lastKnownFileType = wrapper.framework; name = OpenGL.framework; path = /System/Library/Frameworks/OpenGL.framework; sourceTree = "<absolute>"; };
		E45BE97A0E8CC7DD009D7055 /* QuickTime.framework */ = {isa = PBXFileReference; lastKnownFileType = wrapper.framework; name = QuickTime.framework; path = /System/Library/Frameworks/QuickTime.framework; sourceTree = "<absolute>"; };
		E4B69B5B0A3A1756003C02F2 /* wattCrankDebug.app */ = {isa = PBXFileReference; explicitFileType = wrapper.application; includeInIndex = 0; path = wattCrankDebug.app; sourceTree = BUILT_PRODUCTS_DIR; };
		E4B69E1D0A3A1BDC003C02F2 /* main.cpp */ = {isa = PBXFileReference; fileEncoding = 30; lastKnownFileType = sourcecode.cpp.cpp; name = main.cpp; path = src/main.cpp; sourceTree = SOURCE_ROOT; };
		E4B69E1E0A3A1BDC003C02F2 /* testApp.cpp */ = {isa = PBXFileReference; explicitFileType = sourcecode.cpp.cpp; fileEncoding = 30; name = testApp.cpp; path = src/testApp.cpp; sourceTree = SOURCE_ROOT; };
		E4B69E1F0A3A1BDC003C02F2 /* testApp.h */ = {isa = PBXFileReference; fileEncoding = 30; lastKnownFileType = sourcecode.c.h; name = testApp.h; path = src/testApp.h; sourceTree = SOURCE_ROOT; };
		E4B6FCAD0C3E899E008CF71C /* openFrameworks-Info.plist */ = {isa = PBXFileReference; fileEncoding = 30; lastKnownFileType = text.plist.xml; path = "openFrameworks-Info.plist"; sourceTree = "<group>"; };
		E4C2424410CC5A17004149E2 /* AppKit.framework */ = {isa = PBXFileReference; lastKnownFileType = wrapper.framework; name = AppKit.framework; path = /System/Library/Frameworks/AppKit.framework; sourceTree = "<absolute>"; };
		E4C2424510CC5A17004149E2 /* Cocoa.framework */ = {isa = PBXFileReference; lastKnownFileType = wrapper.framework; name = Cocoa.framework; path = /System/Library/Frameworks/Cocoa.framework; sourceTree = "<absolute>"; };
		E4C2424610CC5A17004149E2 /* IOKit.framework */ = {isa = PBXFileReference; lastKnownFileType = wrapper.framework; name = IOKit.framework; path = /System/Library/Frameworks/IOKit.framework; sourceTree = "<absolute>"; };
		E4EB691F138AFCF100A09F29 /* CoreOF.xcconfig */ = {isa = PBXFileReference; fileEncoding = 4; lastKnownFileType = text.xcconfig; name = CoreOF.xcconfig; path = ../../../libs/openFrameworksCompiled/project/osx/CoreOF.xcconfig; sourceTree = SOURCE_ROOT; };
		E4EB6923138AFD0F00A09F29 /* Project.xcconfig */ = {isa = PBXFileReference; fileEncoding = 4; lastKnownFileType = text.xcconfig; path = Project.xcconfig; sourceTree = "<group>"; };
		E7E077E415D3B63C0020DFD4 /* CoreVideo.framework */ = {isa = PBXFileReference; lastKnownFileType = wrapper.framework; name = CoreVideo.framework; path = /System/Library/Frameworks/CoreVideo.framework; sourceTree = "<absolute>"; };
		E7E077E715D3B6510020DFD4 /* QTKit.framework */ = {isa = PBXFileReference; lastKnownFileType = wrapper.framework; name = QTKit.framework; path = /System/Library/Frameworks/QTKit.framework; sourceTree = "<absolute>"; };
		E7F985F515E0DE99003869B5 /* Accelerate.framework */ = {isa = PBXFileReference; lastKnownFileType = wrapper.framework; name = Accelerate.framework; path = /System/Library/Frameworks/Accelerate.framework; sourceTree = "<absolute>"; };
		E82E4A22BF45F5CD82F6E180 /* guiCustomImpl.h */ = {isa = PBXFileReference; explicitFileType = sourcecode.c.h; fileEncoding = 30; name = guiCustomImpl.h; path = ../../../addons/ofxControlPanel/src/guiCustomImpl.h; sourceTree = SOURCE_ROOT; };
		E879411E3078DFEBA57E2BAB /* guiCallback.h */ = {isa = PBXFileReference; explicitFileType = sourcecode.c.h; fileEncoding = 30; name = guiCallback.h; path = ../../../addons/ofxControlPanel/src/guiCallback.h; sourceTree = SOURCE_ROOT; };
		E8B3CFF2D76D23E5130B03C6 /* MyCameraDriver.m */ = {isa = PBXFileReference; explicitFileType = sourcecode.cpp.objcpp; fileEncoding = 30; name = MyCameraDriver.m; path = ../../../addons/ofxMacamPs3Eye/src/macam/MyCameraDriver.m; sourceTree = SOURCE_ROOT; };
		E9D916E101E14E9227713E4D /* BayerConverter.m */ = {isa = PBXFileReference; explicitFileType = sourcecode.cpp.objcpp; fileEncoding = 30; name = BayerConverter.m; path = ../../../addons/ofxMacamPs3Eye/src/macam/BayerConverter.m; sourceTree = SOURCE_ROOT; };
		EAC15439B87DC40C3609393B /* guiTypeDrawable.cpp */ = {isa = PBXFileReference; explicitFileType = sourcecode.cpp.cpp; fileEncoding = 30; name = guiTypeDrawable.cpp; path = ../../../addons/ofxControlPanel/src/guiTypeDrawable.cpp; sourceTree = SOURCE_ROOT; };
		EB138EDEE72A0FB98099F3DA /* Histogram.h */ = {isa = PBXFileReference; explicitFileType = sourcecode.c.h; fileEncoding = 30; name = Histogram.h; path = ../../../addons/ofxMacamPs3Eye/src/macam/include/Histogram.h; sourceTree = SOURCE_ROOT; };
		ED318057376FEDA301BD823E /* ofxControlPanel.cpp */ = {isa = PBXFileReference; explicitFileType = sourcecode.cpp.cpp; fileEncoding = 30; name = ofxControlPanel.cpp; path = ../../../addons/ofxControlPanel/src/ofxControlPanel.cpp; sourceTree = SOURCE_ROOT; };
		EDC1B8201077923461FE934D /* guiTypeSlider.h */ = {isa = PBXFileReference; explicitFileType = sourcecode.c.h; fileEncoding = 30; name = guiTypeSlider.h; path = ../../../addons/ofxControlPanel/src/guiTypeSlider.h; sourceTree = SOURCE_ROOT; };
		EE31C187F527E6C87EEFD51D /* LookUpTable.m */ = {isa = PBXFileReference; explicitFileType = sourcecode.cpp.objcpp; fileEncoding = 30; name = LookUpTable.m; path = ../../../addons/ofxMacamPs3Eye/src/macam/LookUpTable.m; sourceTree = SOURCE_ROOT; };
		F02D6D110BE6F1F1D1C6544F /* PS3EyeWindowAppDelegate.h */ = {isa = PBXFileReference; explicitFileType = sourcecode.c.h; fileEncoding = 30; name = PS3EyeWindowAppDelegate.h; path = ../../../addons/ofxMacamPs3Eye/src/PS3EyeWindowAppDelegate.h; sourceTree = SOURCE_ROOT; };
		F4298E07120123A1BDC14911 /* GenericDriver.h */ = {isa = PBXFileReference; explicitFileType = sourcecode.c.h; fileEncoding = 30; name = GenericDriver.h; path = ../../../addons/ofxMacamPs3Eye/src/macam/include/GenericDriver.h; sourceTree = SOURCE_ROOT; };
		F740139603D171038C4E1057 /* guiType2DSlider.cpp */ = {isa = PBXFileReference; explicitFileType = sourcecode.cpp.cpp; fileEncoding = 30; name = guiType2DSlider.cpp; path = ../../../addons/ofxControlPanel/src/guiType2DSlider.cpp; sourceTree = SOURCE_ROOT; };
		FC5DA1C87211D4F6377DA719 /* tinyxmlparser.cpp */ = {isa = PBXFileReference; explicitFileType = sourcecode.cpp.cpp; fileEncoding = 30; name = tinyxmlparser.cpp; path = ../../../addons/ofxXmlSettings/libs/tinyxmlparser.cpp; sourceTree = SOURCE_ROOT; };
/* End PBXFileReference section */

/* Begin PBXFrameworksBuildPhase section */
		E4B69B590A3A1756003C02F2 /* Frameworks */ = {
			isa = PBXFrameworksBuildPhase;
			buildActionMask = 2147483647;
			files = (
				E7F985F815E0DEA3003869B5 /* Accelerate.framework in Frameworks */,
				E7E077E815D3B6510020DFD4 /* QTKit.framework in Frameworks */,
				E4EB6799138ADC1D00A09F29 /* GLUT.framework in Frameworks */,
				E4328149138ABC9F0047C5CB /* openFrameworksDebug.a in Frameworks */,
				E45BE97B0E8CC7DD009D7055 /* AGL.framework in Frameworks */,
				E45BE97C0E8CC7DD009D7055 /* ApplicationServices.framework in Frameworks */,
				E45BE97D0E8CC7DD009D7055 /* AudioToolbox.framework in Frameworks */,
				E45BE97E0E8CC7DD009D7055 /* Carbon.framework in Frameworks */,
				E45BE97F0E8CC7DD009D7055 /* CoreAudio.framework in Frameworks */,
				E45BE9800E8CC7DD009D7055 /* CoreFoundation.framework in Frameworks */,
				E45BE9810E8CC7DD009D7055 /* CoreServices.framework in Frameworks */,
				E45BE9830E8CC7DD009D7055 /* OpenGL.framework in Frameworks */,
				E45BE9840E8CC7DD009D7055 /* QuickTime.framework in Frameworks */,
				E4C2424710CC5A17004149E2 /* AppKit.framework in Frameworks */,
				E4C2424810CC5A17004149E2 /* Cocoa.framework in Frameworks */,
				E4C2424910CC5A17004149E2 /* IOKit.framework in Frameworks */,
				E7E077E515D3B63C0020DFD4 /* CoreVideo.framework in Frameworks */,
			);
			runOnlyForDeploymentPostprocessing = 0;
		};
/* End PBXFrameworksBuildPhase section */

/* Begin PBXGroup section */
		11B655511D84B97D78AB06E6 /* macam */ = {
			isa = PBXGroup;
			children = (
				3F33638670597C231FC3F62C /* AGC.m */,
				E9D916E101E14E9227713E4D /* BayerConverter.m */,
				5C34A8AC6C607A7AFBAF4751 /* ControllerInterface.m */,
				6274CC2883159945C01AEEDC /* FrameCounter.m */,
				1A67B9CE9777841B26A67C23 /* GenericDriver.m */,
				B6DE77B62F1E9D2BDE3BE888 /* Histogram.m */,
				F8614FF489415B4BE9008A09 /* include */,
				EE31C187F527E6C87EEFD51D /* LookUpTable.m */,
				1754FF232D736FA53DBCD7F0 /* MiniGraphicsTools.cpp */,
				4C068762039E5B66A5822DF1 /* MiscTools.cpp */,
				32FA4DC39AD4EDED926B01B0 /* MyCameraCentral.m */,
				E8B3CFF2D76D23E5130B03C6 /* MyCameraDriver.m */,
				3CD03ABE0301C38C40C1D15D /* MyCameraInfo.m */,
				CF1E9C1085A9A9924E1D8804 /* OV534Driver.m */,
				B57E64EE6D9AF5E0A16FCD1E /* Resolvers.cpp */,
				4010A22AB915CB992F1B59BF /* Sensor.m */,
			);
			name = macam;
			sourceTree = "<group>";
		};
		13EBFBD5A535D9F601941AC0 /* ofxMacamPs3Eye */ = {
			isa = PBXGroup;
			children = (
				E5E0522C87296AA711734050 /* src */,
			);
			name = ofxMacamPs3Eye;
			sourceTree = "<group>";
		};
		1F4FB5C423662B96ADFDCC0B /* ofxXmlSettings */ = {
			isa = PBXGroup;
			children = (
				6ECEF0D76BC33727823EADFF /* src */,
				6E54289412D2D94F45A05113 /* libs */,
			);
			name = ofxXmlSettings;
			sourceTree = "<group>";
		};
		3598F21374BFCA3EDCE76F18 /* ofxControlPanel */ = {
			isa = PBXGroup;
			children = (
				F9E6B680913D8757E21C58B5 /* src */,
			);
			name = ofxControlPanel;
			sourceTree = "<group>";
		};
		461DF8C3B35741DC757708C1 /* ofxTesseract */ = {
			isa = PBXGroup;
			children = (
				AB64D9BBC944872FF486B551 /* src */,
			);
			name = ofxTesseract;
			sourceTree = "<group>";
		};
		6E54289412D2D94F45A05113 /* libs */ = {
			isa = PBXGroup;
			children = (
				2B40EDA85BEB63E46785BC29 /* tinyxml.cpp */,
				B21E7E5F548EEA92F368040B /* tinyxml.h */,
				832BDC407620CDBA568B713D /* tinyxmlerror.cpp */,
				FC5DA1C87211D4F6377DA719 /* tinyxmlparser.cpp */,
			);
			name = libs;
			sourceTree = "<group>";
		};
		6ECEF0D76BC33727823EADFF /* src */ = {
			isa = PBXGroup;
			children = (
				50DF87D612C5AAE17AAFA6C0 /* ofxXmlSettings.cpp */,
				01DCC0911400F9ACF5B65578 /* ofxXmlSettings.h */,
			);
			name = src;
			sourceTree = "<group>";
		};
		AB64D9BBC944872FF486B551 /* src */ = {
			isa = PBXGroup;
			children = (
				93D08F51065696AAECA6BE4E /* ofxTesseract.cpp */,
				6C4532B7B7B34FE9C6C824D5 /* ofxTesseract.h */,
			);
			name = src;
			sourceTree = "<group>";
		};
		B6BB1F1117F2947C00783BEF /* ofxUI */ = {
			isa = PBXGroup;
			children = (
				B6BB1F1217F2947C00783BEF /* ofxUI.h */,
				B6BB1F1317F2947C00783BEF /* ofxUI2DGraph.h */,
				B6BB1F1417F2947C00783BEF /* ofxUI2DPad.h */,
				B6BB1F1517F2947C00783BEF /* ofxUIBaseDraws.h */,
				B6BB1F1617F2947C00783BEF /* ofxUIBiLabelSlider.h */,
				B6BB1F1717F2947C00783BEF /* ofxUIButton.h */,
				B6BB1F1817F2947C00783BEF /* ofxUICanvas.h */,
				B6BB1F1917F2947C00783BEF /* ofxUICircleSlider.h */,
				B6BB1F1A17F2947C00783BEF /* ofxUICustomImageButton.h */,
				B6BB1F1B17F2947C00783BEF /* ofxUIDropDownList.h */,
				B6BB1F1C17F2947C00783BEF /* ofxUIEventArgs.h */,
				B6BB1F1D17F2947C00783BEF /* ofxUIFPS.h */,
				B6BB1F1E17F2947C00783BEF /* ofxUIFPSSlider.h */,
				B6BB1F1F17F2947C00783BEF /* ofxUIImage.h */,
				B6BB1F2017F2947C00783BEF /* ofxUIImageButton.h */,
				B6BB1F2117F2947C00783BEF /* ofxUIImageSampler.h */,
				B6BB1F2217F2947C00783BEF /* ofxUIImageSlider.h */,
				B6BB1F2317F2947C00783BEF /* ofxUIImageToggle.h */,
				B6BB1F2417F2947C00783BEF /* ofxUILabel.h */,
				B6BB1F2517F2947C00783BEF /* ofxUILabelButton.h */,
				B6BB1F2617F2947C00783BEF /* ofxUILabelToggle.h */,
				B6BB1F2717F2947C00783BEF /* ofxUIMinimalSlider.h */,
				B6BB1F2817F2947C00783BEF /* ofxUIMovingGraph.h */,
				B6BB1F2917F2947C00783BEF /* ofxUIMultiImageButton.h */,
				B6BB1F2A17F2947C00783BEF /* ofxUIMultiImageSlider.h */,
				B6BB1F2B17F2947C00783BEF /* ofxUIMultiImageToggle.h */,
				B6BB1F2C17F2947C00783BEF /* ofxUINumberDialer.h */,
				B6BB1F2D17F2947C00783BEF /* ofxUIOFWrapper.h */,
				B6BB1F2E17F2947C00783BEF /* ofxUIRadio.h */,
				B6BB1F2F17F2947C00783BEF /* ofxUIRangeSlider.h */,
				B6BB1F3017F2947C00783BEF /* ofxUIRectangle.h */,
				B6BB1F3117F2947C00783BEF /* ofxUIRotarySlider.h */,
				B6BB1F3217F2947C00783BEF /* ofxUIScrollableCanvas.h */,
				B6BB1F3317F2947C00783BEF /* ofxUISlider.h */,
				B6BB1F3417F2947C00783BEF /* ofxUISpacer.h */,
				B6BB1F3517F2947C00783BEF /* ofxUISpectrum.h */,
				B6BB1F3617F2947C00783BEF /* ofxUISuperCanvas.h */,
				B6BB1F3717F2947C00783BEF /* ofxUITabBar.h */,
				B6BB1F3817F2947C00783BEF /* ofxUITextArea.h */,
				B6BB1F3917F2947C00783BEF /* ofxUITextInput.h */,
				B6BB1F3A17F2947D00783BEF /* ofxUIToggle.h */,
				B6BB1F3B17F2947D00783BEF /* ofxUIToggleMatrix.h */,
				B6BB1F3C17F2947D00783BEF /* ofxUIUtils.h */,
				B6BB1F3D17F2947D00783BEF /* ofxUIValuePlotter.h */,
				B6BB1F3E17F2947D00783BEF /* ofxUIWaveform.h */,
				B6BB1F3F17F2947D00783BEF /* ofxUIWidget.h */,
				B6BB1F4017F2947D00783BEF /* ofxUIWidgetWithLabel.h */,
			);
			name = ofxUI;
			path = ../../../addons/ofxUI/src;
			sourceTree = "<group>";
		};
		BB4B014C10F69532006C3DED /* addons */ = {
			isa = PBXGroup;
			children = (
				B6BB1F1117F2947C00783BEF /* ofxUI */,
				1F4FB5C423662B96ADFDCC0B /* ofxXmlSettings */,
				3598F21374BFCA3EDCE76F18 /* ofxControlPanel */,
				13EBFBD5A535D9F601941AC0 /* ofxMacamPs3Eye */,
				461DF8C3B35741DC757708C1 /* ofxTesseract */,
			);
			name = addons;
			sourceTree = "<group>";
		};
		BBAB23C913894ECA00AA2426 /* system frameworks */ = {
			isa = PBXGroup;
			children = (
				E7F985F515E0DE99003869B5 /* Accelerate.framework */,
				E4C2424410CC5A17004149E2 /* AppKit.framework */,
				E4C2424510CC5A17004149E2 /* Cocoa.framework */,
				E4C2424610CC5A17004149E2 /* IOKit.framework */,
				E45BE9710E8CC7DD009D7055 /* AGL.framework */,
				E45BE9720E8CC7DD009D7055 /* ApplicationServices.framework */,
				E45BE9730E8CC7DD009D7055 /* AudioToolbox.framework */,
				E45BE9740E8CC7DD009D7055 /* Carbon.framework */,
				E45BE9750E8CC7DD009D7055 /* CoreAudio.framework */,
				E45BE9760E8CC7DD009D7055 /* CoreFoundation.framework */,
				E45BE9770E8CC7DD009D7055 /* CoreServices.framework */,
				E45BE9790E8CC7DD009D7055 /* OpenGL.framework */,
				E45BE97A0E8CC7DD009D7055 /* QuickTime.framework */,
				E7E077E415D3B63C0020DFD4 /* CoreVideo.framework */,
				E7E077E715D3B6510020DFD4 /* QTKit.framework */,
			);
			name = "system frameworks";
			sourceTree = "<group>";
		};
		BBAB23CA13894EDB00AA2426 /* 3rd party frameworks */ = {
			isa = PBXGroup;
			children = (
				BBAB23BE13894E4700AA2426 /* GLUT.framework */,
			);
			name = "3rd party frameworks";
			sourceTree = "<group>";
		};
		E4328144138ABC890047C5CB /* Products */ = {
			isa = PBXGroup;
			children = (
				E4328148138ABC890047C5CB /* openFrameworksDebug.a */,
			);
			name = Products;
			sourceTree = "<group>";
		};
		E45BE5980E8CC70C009D7055 /* frameworks */ = {
			isa = PBXGroup;
			children = (
				BBAB23CA13894EDB00AA2426 /* 3rd party frameworks */,
				BBAB23C913894ECA00AA2426 /* system frameworks */,
			);
			name = frameworks;
			sourceTree = "<group>";
		};
		E4B69B4A0A3A1720003C02F2 = {
			isa = PBXGroup;
			children = (
				E4B6FCAD0C3E899E008CF71C /* openFrameworks-Info.plist */,
				E4EB6923138AFD0F00A09F29 /* Project.xcconfig */,
				E4B69E1C0A3A1BDC003C02F2 /* src */,
				E4EEC9E9138DF44700A80321 /* openFrameworks */,
				BB4B014C10F69532006C3DED /* addons */,
				E45BE5980E8CC70C009D7055 /* frameworks */,
				E4B69B5B0A3A1756003C02F2 /* wattCrankDebug.app */,
			);
			sourceTree = "<group>";
		};
		E4B69E1C0A3A1BDC003C02F2 /* src */ = {
			isa = PBXGroup;
			children = (
				E4B69E1D0A3A1BDC003C02F2 /* main.cpp */,
				E4B69E1E0A3A1BDC003C02F2 /* testApp.cpp */,
				E4B69E1F0A3A1BDC003C02F2 /* testApp.h */,
				B6DC608E17F3778400D92820 /* run.cpp */,
				B6DC608F17F3778400D92820 /* run.h */,
			);
			path = src;
			sourceTree = SOURCE_ROOT;
		};
		E4EEC9E9138DF44700A80321 /* openFrameworks */ = {
			isa = PBXGroup;
			children = (
				E4EB691F138AFCF100A09F29 /* CoreOF.xcconfig */,
				E4328143138ABC890047C5CB /* openFrameworksLib.xcodeproj */,
			);
			name = openFrameworks;
			sourceTree = "<group>";
		};
		E5E0522C87296AA711734050 /* src */ = {
			isa = PBXGroup;
			children = (
				11B655511D84B97D78AB06E6 /* macam */,
				6D052DC6B3F5629D6E714325 /* ofxMacamPs3Eye.h */,
				23EE769655944E3157CC5088 /* ofxMacamPs3Eye.mm */,
				F02D6D110BE6F1F1D1C6544F /* PS3EyeWindowAppDelegate.h */,
				464C839D30CCEFF771B2E422 /* PS3EyeWindowAppDelegate.m */,
			);
			name = src;
			sourceTree = "<group>";
		};
		F8614FF489415B4BE9008A09 /* include */ = {
			isa = PBXGroup;
			children = (
				2C52C43910E7831DAA684AC0 /* AGC.h */,
				6E44E5C09C8D861D4939F9AE /* BayerConverter.h */,
				BC9CFE7ABB8DB2CA0F20D3FE /* ControllerInterface.h */,
				2614FA287618E9CFAFBF1C7B /* FrameCounter.h */,
				F4298E07120123A1BDC14911 /* GenericDriver.h */,
				87D93EE57AD57449E2495A18 /* GlobalDefs.h */,
				EB138EDEE72A0FB98099F3DA /* Histogram.h */,
				AB387C0823B100FFDDBBF9D2 /* LookUpTable.h */,
				C98555832C3FDEAD35DC1CF4 /* MiniGraphicsTools.h */,
				47BE5485B4A3F404846499FA /* MiscTools.h */,
				137E35916E00E8F932C77F4F /* MyCameraCentral.h */,
				2EB74AD8B15D2AE23201A2CF /* MyCameraDriver.h */,
				BBFE848658BFD39968B880EA /* MyCameraInfo.h */,
				96A74EEE44271A03CD567617 /* OV534Driver.h */,
				77931D91B3B629C34FA05DAB /* Resolvers.h */,
				1C0DE6DDD52E789AF4AA5FE6 /* Sensor.h */,
			);
			name = include;
			sourceTree = "<group>";
		};
		F9E6B680913D8757E21C58B5 /* src */ = {
			isa = PBXGroup;
			children = (
				6B7D7ECC5A662345912C93D5 /* guiBaseObject.cpp */,
				9AD86EB22381AC3DEEA8F304 /* guiBaseObject.h */,
				0623A592865192DAF866EC80 /* guiCallback.cpp */,
				E879411E3078DFEBA57E2BAB /* guiCallback.h */,
				D51169F112943BB2022A756A /* guiCallbackValue.cpp */,
				785EF65F14138AB610C0595E /* guiCallbackValue.h */,
				D859BBB55780DA0D9098DBD2 /* guiColor.cpp */,
				6DDF13A4EF64524A9026EF50 /* guiColor.h */,
				E82E4A22BF45F5CD82F6E180 /* guiCustomImpl.h */,
				AB1EDBEE566B226A8832E191 /* guiIncludes.h */,
				9A234A6E775BFC7C47B1E336 /* guiTextBase.cpp */,
				B64FB1A368486A378452239D /* guiTextBase.h */,
				F740139603D171038C4E1057 /* guiType2DSlider.cpp */,
				8131428D7458EC1392831F6C /* guiType2DSlider.h */,
				8F5AFDA23DE220F49EA17CBC /* guiTypeButtonSlider.cpp */,
				4ED7010A59CFBFF66DC17A56 /* guiTypeButtonSlider.h */,
				3D66885FA7C19B7830EE08ED /* guiTypeChartPlotter.cpp */,
				3A18B217EA10EA8E3C7F6508 /* guiTypeChartPlotter.h */,
				CFED64139BF049D0E6E85B06 /* guiTypeCustom.cpp */,
				B70D8C165CC65EEE349E643F /* guiTypeCustom.h */,
				EAC15439B87DC40C3609393B /* guiTypeDrawable.cpp */,
				815C422E69C6FFEEB97D1B0A /* guiTypeDrawable.h */,
				7E8A185410D2B5002305515A /* guiTypeFileLister.cpp */,
				29897723D8C99BC3F4C66556 /* guiTypeFileLister.h */,
				CFC7A1F656C34688D0EA0D0C /* guiTypeLabel.cpp */,
				D3AC91D60FBBEB4AA58B1972 /* guiTypeLabel.h */,
				589362A07AEB006B1B8BE93F /* guiTypeLogger.cpp */,
				B3C7247ED359BE65B5319A20 /* guiTypeLogger.h */,
				BF1E9A470F4B02D30B8B1D18 /* guiTypeMultiToggle.cpp */,
				D11AF1710220D1059049EB19 /* guiTypeMultiToggle.h */,
				08549D86F2263BAFA64AE5D1 /* guiTypePanel.cpp */,
				D4944026CDFD5CED0A8EFF8A /* guiTypePanel.h */,
				5CD68CA8FE136C3BE208703B /* guiTypeSlider.cpp */,
				EDC1B8201077923461FE934D /* guiTypeSlider.h */,
				25F371915E6771CEA7595D51 /* guiTypeText.cpp */,
				CE0C97E3F012F9FADFB5F260 /* guiTypeText.h */,
				4F64D7DD70C6B5B1FC395DED /* guiTypeTextDropDown.cpp */,
				2D692A0570A93567D01B6D9D /* guiTypeTextDropDown.h */,
				DB609B0A16264158C61C979F /* guiTypeTextInput.cpp */,
				6FCDF1191D78DB4E5238AC46 /* guiTypeTextInput.h */,
				62121AB82E8C23F11BBC56E4 /* guiTypeToggle.cpp */,
				82741786E8E6961C9B9EA2DF /* guiTypeToggle.h */,
				76AC9361ADD00E0A97505518 /* guiTypeVairableLister.cpp */,
				1445907105C17263F76087D0 /* guiTypeVairableLister.h */,
				C5BB6D7A0C3A9D760BC22BBB /* guiTypeVideo.cpp */,
				CBD6E9E8B022AB69FE7E454E /* guiTypeVideo.h */,
				9F91D61ED1C9EFA6A2ACDC47 /* guiValue.cpp */,
				4BC67DBB14FF67076137AF39 /* guiValue.h */,
				0D1FF930B42368E7DF128F5C /* guiVariablePointer.h */,
				1E17B07DA944407EC011B0B7 /* guiXmlValue.h */,
				433F1A9AF67F62A5C34F5C8F /* ofxAutoControlPanel.h */,
				ED318057376FEDA301BD823E /* ofxControlPanel.cpp */,
				6F5E052EDC8E42EB2BEBFBB2 /* ofxControlPanel.h */,
				A8F5D6546B2050363E043358 /* simpleColor.cpp */,
				49CA6F47242293DAF5A715A8 /* simpleColor.h */,
				BDD9E60039A29DAFB013CDBD /* simpleFileLister.cpp */,
				1D8B9A8480A5B3D82CEFFF06 /* simpleFileLister.h */,
				C15BFBA225F9D1CF5780BD5E /* simpleLogger.cpp */,
				7B621BD2F5DE1FF903FB7F2C /* simpleLogger.h */,
			);
			name = src;
			sourceTree = "<group>";
		};
/* End PBXGroup section */

/* Begin PBXNativeTarget section */
		E4B69B5A0A3A1756003C02F2 /* wattCrank */ = {
			isa = PBXNativeTarget;
			buildConfigurationList = E4B69B5F0A3A1757003C02F2 /* Build configuration list for PBXNativeTarget "wattCrank" */;
			buildPhases = (
				E4B69B580A3A1756003C02F2 /* Sources */,
				E4B69B590A3A1756003C02F2 /* Frameworks */,
				E4B6FFFD0C3F9AB9008CF71C /* ShellScript */,
				E4C2427710CC5ABF004149E2 /* CopyFiles */,
			);
			buildRules = (
			);
			dependencies = (
				E4EEB9AC138B136A00A80321 /* PBXTargetDependency */,
			);
			name = wattCrank;
			productName = myOFApp;
			productReference = E4B69B5B0A3A1756003C02F2 /* wattCrankDebug.app */;
			productType = "com.apple.product-type.application";
		};
/* End PBXNativeTarget section */

/* Begin PBXProject section */
		E4B69B4C0A3A1720003C02F2 /* Project object */ = {
			isa = PBXProject;
			attributes = {
				LastUpgradeCheck = 0460;
			};
			buildConfigurationList = E4B69B4D0A3A1720003C02F2 /* Build configuration list for PBXProject "wattCrank" */;
			compatibilityVersion = "Xcode 3.2";
			developmentRegion = English;
			hasScannedForEncodings = 0;
			knownRegions = (
				English,
				Japanese,
				French,
				German,
			);
			mainGroup = E4B69B4A0A3A1720003C02F2;
			productRefGroup = E4B69B4A0A3A1720003C02F2;
			projectDirPath = "";
			projectReferences = (
				{
					ProductGroup = E4328144138ABC890047C5CB /* Products */;
					ProjectRef = E4328143138ABC890047C5CB /* openFrameworksLib.xcodeproj */;
				},
			);
			projectRoot = "";
			targets = (
				E4B69B5A0A3A1756003C02F2 /* wattCrank */,
			);
		};
/* End PBXProject section */

/* Begin PBXReferenceProxy section */
		E4328148138ABC890047C5CB /* openFrameworksDebug.a */ = {
			isa = PBXReferenceProxy;
			fileType = archive.ar;
			path = openFrameworksDebug.a;
			remoteRef = E4328147138ABC890047C5CB /* PBXContainerItemProxy */;
			sourceTree = BUILT_PRODUCTS_DIR;
		};
/* End PBXReferenceProxy section */

/* Begin PBXShellScriptBuildPhase section */
		E4B6FFFD0C3F9AB9008CF71C /* ShellScript */ = {
			isa = PBXShellScriptBuildPhase;
			buildActionMask = 2147483647;
			files = (
			);
			inputPaths = (
			);
			outputPaths = (
			);
			runOnlyForDeploymentPostprocessing = 0;
			shellPath = /bin/sh;
			shellScript = "cp -f ../../../libs/fmodex/lib/osx/libfmodex.dylib \"$TARGET_BUILD_DIR/$PRODUCT_NAME.app/Contents/MacOS/libfmodex.dylib\"; install_name_tool -change ./libfmodex.dylib @executable_path/libfmodex.dylib \"$TARGET_BUILD_DIR/$PRODUCT_NAME.app/Contents/MacOS/$PRODUCT_NAME\";\nmkdir -p \"$TARGET_BUILD_DIR/$PRODUCT_NAME.app/Contents/Resources/\"\ncp -f \"$ICON_FILE\" \"$TARGET_BUILD_DIR/$PRODUCT_NAME.app/Contents/Resources/\"\n";
		};
/* End PBXShellScriptBuildPhase section */

/* Begin PBXSourcesBuildPhase section */
		E4B69B580A3A1756003C02F2 /* Sources */ = {
			isa = PBXSourcesBuildPhase;
			buildActionMask = 2147483647;
			files = (
				E4B69E200A3A1BDC003C02F2 /* main.cpp in Sources */,
				E4B69E210A3A1BDC003C02F2 /* testApp.cpp in Sources */,
				63B57AC5BF4EF088491E0317 /* ofxXmlSettings.cpp in Sources */,
				933A2227713C720CEFF80FD9 /* tinyxml.cpp in Sources */,
				9D44DC88EF9E7991B4A09951 /* tinyxmlerror.cpp in Sources */,
				5A4349E9754D6FA14C0F2A3A /* tinyxmlparser.cpp in Sources */,
				CBA68AD61765B24C0BFD9886 /* guiBaseObject.cpp in Sources */,
				7830622D2831D72613A1D3CE /* guiCallback.cpp in Sources */,
				E8A48D51B598B0E8012410D2 /* guiCallbackValue.cpp in Sources */,
				62884D3FCE003C390F94AB7D /* guiColor.cpp in Sources */,
				5FD445ED4A5BB42065A63EC5 /* guiTextBase.cpp in Sources */,
				C6A9EC27E2608C434BCA1DB9 /* guiType2DSlider.cpp in Sources */,
				0D98E43AB0144630EF2206B3 /* guiTypeButtonSlider.cpp in Sources */,
				314D78311D80062369E1827B /* guiTypeChartPlotter.cpp in Sources */,
				495A92A35AC1D16E07CA45C7 /* guiTypeCustom.cpp in Sources */,
				41D65A061E305AFD52E53551 /* guiTypeDrawable.cpp in Sources */,
				DA78A8AE11597B5E43DFE903 /* guiTypeFileLister.cpp in Sources */,
				5AB5747E5EF615D728FE9C67 /* guiTypeLabel.cpp in Sources */,
				EDA6787F2E8DEF6246CF24D3 /* guiTypeLogger.cpp in Sources */,
				CBE57D7C657C0B7FD0102864 /* guiTypeMultiToggle.cpp in Sources */,
				9D97FDF450CC66E11F05E279 /* guiTypePanel.cpp in Sources */,
				4A71E37D7F36F23AA123EB0B /* guiTypeSlider.cpp in Sources */,
				9B36FEC1F9A02AF09246572B /* guiTypeText.cpp in Sources */,
				2B11014060CFA00EA494FBC6 /* guiTypeTextDropDown.cpp in Sources */,
				8C3BA55A2996325BB57889A3 /* guiTypeTextInput.cpp in Sources */,
				849341DBC7A5374C26AC0524 /* guiTypeToggle.cpp in Sources */,
				871AF250136390C0A8F657DA /* guiTypeVairableLister.cpp in Sources */,
				DBF52D494F6E2499E17ACBF8 /* guiTypeVideo.cpp in Sources */,
				41BCF7021939202F70E232A1 /* guiValue.cpp in Sources */,
				E8999CBB9C2C6F093A5BD013 /* ofxControlPanel.cpp in Sources */,
				8A230FB96662FB1AB1611B8A /* simpleColor.cpp in Sources */,
				9FEF7AFAD4DDFFD2A55AA54A /* simpleFileLister.cpp in Sources */,
				D41B30CF66DA734F99A45D5E /* simpleLogger.cpp in Sources */,
				49A32C9017D805133EC68733 /* AGC.m in Sources */,
				70D04CD0CF0891EBF497A21C /* BayerConverter.m in Sources */,
				F04CCCF871B1F43935BF762B /* ControllerInterface.m in Sources */,
				A977196B829A665AAF57E123 /* FrameCounter.m in Sources */,
				B6DC609017F3778400D92820 /* run.cpp in Sources */,
				CD33672097FDA1FFBEDAA629 /* GenericDriver.m in Sources */,
				54246E0E70670038E43D95BC /* Histogram.m in Sources */,
				7420F743C006B26B95FF9051 /* LookUpTable.m in Sources */,
				ADF8B0EA6A6B24734C9AA58C /* MiniGraphicsTools.cpp in Sources */,
				B9DA57768B33F7C78565D998 /* MiscTools.cpp in Sources */,
				F3E713688B294518F741B7E9 /* MyCameraCentral.m in Sources */,
				859C20916AF9A4F8D4A929F6 /* MyCameraDriver.m in Sources */,
				A6E663C9C7F2B67585FCA31A /* MyCameraInfo.m in Sources */,
				4C223A5AC3B77923C42438F7 /* OV534Driver.m in Sources */,
				56C1461D4D6DF6D99FCB8A9A /* Resolvers.cpp in Sources */,
				90965E88EDD92E0D10B07FE2 /* Sensor.m in Sources */,
				D181BFBB3780AD7FDFC2BF76 /* ofxMacamPs3Eye.mm in Sources */,
				3321B96C9659105F44350A6C /* PS3EyeWindowAppDelegate.m in Sources */,
				EE70147F8FCC2E79EF3CD3F5 /* ofxTesseract.cpp in Sources */,
			);
			runOnlyForDeploymentPostprocessing = 0;
		};
/* End PBXSourcesBuildPhase section */

/* Begin PBXTargetDependency section */
		E4EEB9AC138B136A00A80321 /* PBXTargetDependency */ = {
			isa = PBXTargetDependency;
			name = openFrameworks;
			targetProxy = E4EEB9AB138B136A00A80321 /* PBXContainerItemProxy */;
		};
/* End PBXTargetDependency section */

/* Begin XCBuildConfiguration section */
		E4B69B4E0A3A1720003C02F2 /* Debug */ = {
			isa = XCBuildConfiguration;
			baseConfigurationReference = E4EB6923138AFD0F00A09F29 /* Project.xcconfig */;
			buildSettings = {
				ARCHS = "$(NATIVE_ARCH)";
				CONFIGURATION_BUILD_DIR = "$(SRCROOT)/bin/";
				COPY_PHASE_STRIP = NO;
				DEAD_CODE_STRIPPING = YES;
				GCC_AUTO_VECTORIZATION = YES;
				GCC_ENABLE_SSE3_EXTENSIONS = YES;
				GCC_ENABLE_SUPPLEMENTAL_SSE3_INSTRUCTIONS = YES;
				GCC_INLINES_ARE_PRIVATE_EXTERN = NO;
				GCC_OPTIMIZATION_LEVEL = 0;
				GCC_SYMBOLS_PRIVATE_EXTERN = NO;
				GCC_WARN_ABOUT_DEPRECATED_FUNCTIONS = YES;
				GCC_WARN_ABOUT_INVALID_OFFSETOF_MACRO = NO;
				GCC_WARN_ALLOW_INCOMPLETE_PROTOCOL = NO;
				GCC_WARN_UNINITIALIZED_AUTOS = NO;
				GCC_WARN_UNUSED_VALUE = NO;
				GCC_WARN_UNUSED_VARIABLE = NO;
				HEADER_SEARCH_PATHS = (
					"$(OF_CORE_HEADERS)",
					../../../addons/ofxXmlSettings/libs,
					../../../addons/ofxXmlSettings/src,
					../../../addons/ofxControlPanel/libs,
					../../../addons/ofxControlPanel/src,
					../../../addons/ofxMacamPs3Eye/libs,
					../../../addons/ofxMacamPs3Eye/src,
					../../../addons/ofxMacamPs3Eye/src/macam,
					../../../addons/ofxMacamPs3Eye/src/macam/include,
					../../../addons/ofxTesseract/libs,
					../../../addons/ofxTesseract/src,
				);
				MACOSX_DEPLOYMENT_TARGET = 10.6;
				OTHER_CPLUSPLUSFLAGS = (
					"-D__MACOSX_CORE__",
					"-lpthread",
					"-mtune=native",
				);
				SDKROOT = macosx;
			};
			name = Debug;
		};
		E4B69B4F0A3A1720003C02F2 /* Release */ = {
			isa = XCBuildConfiguration;
			baseConfigurationReference = E4EB6923138AFD0F00A09F29 /* Project.xcconfig */;
			buildSettings = {
				ARCHS = "$(NATIVE_ARCH)";
				CONFIGURATION_BUILD_DIR = "$(SRCROOT)/bin/";
				COPY_PHASE_STRIP = YES;
				DEAD_CODE_STRIPPING = YES;
				GCC_AUTO_VECTORIZATION = YES;
				GCC_ENABLE_SSE3_EXTENSIONS = YES;
				GCC_ENABLE_SUPPLEMENTAL_SSE3_INSTRUCTIONS = YES;
				GCC_INLINES_ARE_PRIVATE_EXTERN = NO;
				GCC_OPTIMIZATION_LEVEL = 3;
				GCC_SYMBOLS_PRIVATE_EXTERN = NO;
				GCC_UNROLL_LOOPS = YES;
				GCC_WARN_ABOUT_DEPRECATED_FUNCTIONS = YES;
				GCC_WARN_ABOUT_INVALID_OFFSETOF_MACRO = NO;
				GCC_WARN_ALLOW_INCOMPLETE_PROTOCOL = NO;
				GCC_WARN_UNINITIALIZED_AUTOS = NO;
				GCC_WARN_UNUSED_VALUE = NO;
				GCC_WARN_UNUSED_VARIABLE = NO;
				HEADER_SEARCH_PATHS = (
					"$(OF_CORE_HEADERS)",
					../../../addons/ofxXmlSettings/libs,
					../../../addons/ofxXmlSettings/src,
					../../../addons/ofxControlPanel/libs,
					../../../addons/ofxControlPanel/src,
					../../../addons/ofxMacamPs3Eye/libs,
					../../../addons/ofxMacamPs3Eye/src,
					../../../addons/ofxMacamPs3Eye/src/macam,
					../../../addons/ofxMacamPs3Eye/src/macam/include,
					../../../addons/ofxTesseract/libs,
					../../../addons/ofxTesseract/src,
				);
				MACOSX_DEPLOYMENT_TARGET = 10.6;
				OTHER_CPLUSPLUSFLAGS = (
					"-D__MACOSX_CORE__",
					"-lpthread",
					"-mtune=native",
				);
				SDKROOT = macosx;
			};
			name = Release;
		};
		E4B69B600A3A1757003C02F2 /* Debug */ = {
			isa = XCBuildConfiguration;
			buildSettings = {
				COMBINE_HIDPI_IMAGES = YES;
				COPY_PHASE_STRIP = NO;
				FRAMEWORK_SEARCH_PATHS = (
					"$(inherited)",
					"$(FRAMEWORK_SEARCH_PATHS_QUOTED_FOR_TARGET_1)",
				);
				FRAMEWORK_SEARCH_PATHS_QUOTED_FOR_TARGET_1 = "\"$(SRCROOT)/../../../libs/glut/lib/osx\"";
				GCC_DYNAMIC_NO_PIC = NO;
				GCC_GENERATE_DEBUGGING_SYMBOLS = YES;
				GCC_MODEL_TUNING = NONE;
				ICON = "$(ICON_NAME_DEBUG)";
				ICON_FILE = "$(ICON_FILE_PATH)$(ICON)";
				INFOPLIST_FILE = "openFrameworks-Info.plist";
				INSTALL_PATH = "$(HOME)/Applications";
				LIBRARY_SEARCH_PATHS = (
					"$(inherited)",
					"$(LIBRARY_SEARCH_PATHS_QUOTED_FOR_TARGET_1)",
					"$(LIBRARY_SEARCH_PATHS_QUOTED_FOR_TARGET_2)",
					"$(LIBRARY_SEARCH_PATHS_QUOTED_FOR_TARGET_3)",
					"$(LIBRARY_SEARCH_PATHS_QUOTED_FOR_TARGET_4)",
					"$(LIBRARY_SEARCH_PATHS_QUOTED_FOR_TARGET_5)",
					"$(LIBRARY_SEARCH_PATHS_QUOTED_FOR_TARGET_6)",
					"$(LIBRARY_SEARCH_PATHS_QUOTED_FOR_TARGET_7)",
					"$(LIBRARY_SEARCH_PATHS_QUOTED_FOR_TARGET_8)",
					"$(LIBRARY_SEARCH_PATHS_QUOTED_FOR_TARGET_9)",
					"$(LIBRARY_SEARCH_PATHS_QUOTED_FOR_TARGET_10)",
					"$(LIBRARY_SEARCH_PATHS_QUOTED_FOR_TARGET_11)",
					"$(LIBRARY_SEARCH_PATHS_QUOTED_FOR_TARGET_12)",
					"$(LIBRARY_SEARCH_PATHS_QUOTED_FOR_TARGET_13)",
					"$(LIBRARY_SEARCH_PATHS_QUOTED_FOR_TARGET_14)",
					"$(LIBRARY_SEARCH_PATHS_QUOTED_FOR_TARGET_15)",
					"$(LIBRARY_SEARCH_PATHS_QUOTED_FOR_TARGET_2)",
					"$(LIBRARY_SEARCH_PATHS_QUOTED_FOR_TARGET_3)",
					"$(LIBRARY_SEARCH_PATHS_QUOTED_FOR_TARGET_7)",
					"$(LIBRARY_SEARCH_PATHS_QUOTED_FOR_TARGET_8)",
					"$(LIBRARY_SEARCH_PATHS_QUOTED_FOR_TARGET_9)",
					"$(LIBRARY_SEARCH_PATHS_QUOTED_FOR_TARGET_10)",
					"$(LIBRARY_SEARCH_PATHS_QUOTED_FOR_TARGET_11)",
					"$(LIBRARY_SEARCH_PATHS_QUOTED_FOR_TARGET_12)",
					"$(LIBRARY_SEARCH_PATHS_QUOTED_FOR_TARGET_13)",
					"$(LIBRARY_SEARCH_PATHS_QUOTED_FOR_TARGET_16)",
					"$(LIBRARY_SEARCH_PATHS_QUOTED_FOR_TARGET_17)",
					"$(LIBRARY_SEARCH_PATHS_QUOTED_FOR_TARGET_18)",
					"$(LIBRARY_SEARCH_PATHS_QUOTED_FOR_TARGET_19)",
					"$(LIBRARY_SEARCH_PATHS_QUOTED_FOR_TARGET_20)",
					"$(LIBRARY_SEARCH_PATHS_QUOTED_FOR_TARGET_21)",
					"$(LIBRARY_SEARCH_PATHS_QUOTED_FOR_TARGET_22)",
					"$(LIBRARY_SEARCH_PATHS_QUOTED_FOR_TARGET_23)",
					"$(LIBRARY_SEARCH_PATHS_QUOTED_FOR_TARGET_24)",
					"$(LIBRARY_SEARCH_PATHS_QUOTED_FOR_TARGET_25)",
					"$(LIBRARY_SEARCH_PATHS_QUOTED_FOR_TARGET_26)",
					"$(LIBRARY_SEARCH_PATHS_QUOTED_FOR_TARGET_27)",
					"$(LIBRARY_SEARCH_PATHS_QUOTED_FOR_TARGET_28)",
					"$(LIBRARY_SEARCH_PATHS_QUOTED_FOR_TARGET_29)",
					"$(LIBRARY_SEARCH_PATHS_QUOTED_FOR_TARGET_30)",
					"$(LIBRARY_SEARCH_PATHS_QUOTED_FOR_TARGET_31)",
					"$(LIBRARY_SEARCH_PATHS_QUOTED_FOR_TARGET_32)",
					"$(LIBRARY_SEARCH_PATHS_QUOTED_FOR_TARGET_33)",
					"$(LIBRARY_SEARCH_PATHS_QUOTED_FOR_TARGET_34)",
					"$(LIBRARY_SEARCH_PATHS_QUOTED_FOR_TARGET_35)",
					"$(LIBRARY_SEARCH_PATHS_QUOTED_FOR_TARGET_36)",
					"$(LIBRARY_SEARCH_PATHS_QUOTED_FOR_TARGET_37)",
					"$(LIBRARY_SEARCH_PATHS_QUOTED_FOR_TARGET_38)",
					"$(LIBRARY_SEARCH_PATHS_QUOTED_FOR_TARGET_39)",
					"$(LIBRARY_SEARCH_PATHS_QUOTED_FOR_TARGET_40)",
					"$(LIBRARY_SEARCH_PATHS_QUOTED_FOR_TARGET_41)",
					"$(LIBRARY_SEARCH_PATHS_QUOTED_FOR_TARGET_42)",
					"$(LIBRARY_SEARCH_PATHS_QUOTED_FOR_TARGET_43)",
					"$(LIBRARY_SEARCH_PATHS_QUOTED_FOR_TARGET_44)",
					"$(LIBRARY_SEARCH_PATHS_QUOTED_FOR_TARGET_45)",
					"$(LIBRARY_SEARCH_PATHS_QUOTED_FOR_TARGET_46)",
					"$(LIBRARY_SEARCH_PATHS_QUOTED_FOR_TARGET_47)",
					"$(LIBRARY_SEARCH_PATHS_QUOTED_FOR_TARGET_48)",
					"$(LIBRARY_SEARCH_PATHS_QUOTED_FOR_TARGET_49)",
					"$(LIBRARY_SEARCH_PATHS_QUOTED_FOR_TARGET_50)",
					"$(LIBRARY_SEARCH_PATHS_QUOTED_FOR_TARGET_51)",
					"$(LIBRARY_SEARCH_PATHS_QUOTED_FOR_TARGET_52)",
				);
				PRODUCT_NAME = "$(TARGET_NAME)Debug";
				WRAPPER_EXTENSION = app;
			};
			name = Debug;
		};
		E4B69B610A3A1757003C02F2 /* Release */ = {
			isa = XCBuildConfiguration;
			buildSettings = {
				COMBINE_HIDPI_IMAGES = YES;
				COPY_PHASE_STRIP = YES;
				FRAMEWORK_SEARCH_PATHS = (
					"$(inherited)",
					"$(FRAMEWORK_SEARCH_PATHS_QUOTED_FOR_TARGET_1)",
				);
				FRAMEWORK_SEARCH_PATHS_QUOTED_FOR_TARGET_1 = "\"$(SRCROOT)/../../../libs/glut/lib/osx\"";
				GCC_GENERATE_DEBUGGING_SYMBOLS = YES;
				GCC_MODEL_TUNING = NONE;
				ICON = "$(ICON_NAME_RELEASE)";
				ICON_FILE = "$(ICON_FILE_PATH)$(ICON)";
				INFOPLIST_FILE = "openFrameworks-Info.plist";
				INSTALL_PATH = "$(HOME)/Applications";
				LIBRARY_SEARCH_PATHS = (
					"$(inherited)",
					"$(LIBRARY_SEARCH_PATHS_QUOTED_FOR_TARGET_1)",
					"$(LIBRARY_SEARCH_PATHS_QUOTED_FOR_TARGET_2)",
					"$(LIBRARY_SEARCH_PATHS_QUOTED_FOR_TARGET_3)",
					"$(LIBRARY_SEARCH_PATHS_QUOTED_FOR_TARGET_4)",
					"$(LIBRARY_SEARCH_PATHS_QUOTED_FOR_TARGET_5)",
					"$(LIBRARY_SEARCH_PATHS_QUOTED_FOR_TARGET_6)",
					"$(LIBRARY_SEARCH_PATHS_QUOTED_FOR_TARGET_7)",
					"$(LIBRARY_SEARCH_PATHS_QUOTED_FOR_TARGET_8)",
					"$(LIBRARY_SEARCH_PATHS_QUOTED_FOR_TARGET_9)",
					"$(LIBRARY_SEARCH_PATHS_QUOTED_FOR_TARGET_10)",
					"$(LIBRARY_SEARCH_PATHS_QUOTED_FOR_TARGET_11)",
					"$(LIBRARY_SEARCH_PATHS_QUOTED_FOR_TARGET_12)",
					"$(LIBRARY_SEARCH_PATHS_QUOTED_FOR_TARGET_13)",
					"$(LIBRARY_SEARCH_PATHS_QUOTED_FOR_TARGET_14)",
					"$(LIBRARY_SEARCH_PATHS_QUOTED_FOR_TARGET_15)",
					"$(LIBRARY_SEARCH_PATHS_QUOTED_FOR_TARGET_2)",
					"$(LIBRARY_SEARCH_PATHS_QUOTED_1)",
					"$(LIBRARY_SEARCH_PATHS_QUOTED_FOR_TARGET_3)",
					"$(LIBRARY_SEARCH_PATHS_QUOTED_FOR_TARGET_7)",
					"$(LIBRARY_SEARCH_PATHS_QUOTED_FOR_TARGET_8)",
					"$(LIBRARY_SEARCH_PATHS_QUOTED_FOR_TARGET_9)",
					"$(LIBRARY_SEARCH_PATHS_QUOTED_FOR_TARGET_10)",
					"$(LIBRARY_SEARCH_PATHS_QUOTED_FOR_TARGET_11)",
					"$(LIBRARY_SEARCH_PATHS_QUOTED_FOR_TARGET_12)",
					"$(LIBRARY_SEARCH_PATHS_QUOTED_FOR_TARGET_13)",
					"$(LIBRARY_SEARCH_PATHS_QUOTED_FOR_TARGET_16)",
					"$(LIBRARY_SEARCH_PATHS_QUOTED_FOR_TARGET_17)",
					"$(LIBRARY_SEARCH_PATHS_QUOTED_FOR_TARGET_18)",
					"$(LIBRARY_SEARCH_PATHS_QUOTED_FOR_TARGET_19)",
					"$(LIBRARY_SEARCH_PATHS_QUOTED_FOR_TARGET_20)",
					"$(LIBRARY_SEARCH_PATHS_QUOTED_FOR_TARGET_21)",
					"$(LIBRARY_SEARCH_PATHS_QUOTED_FOR_TARGET_22)",
					"$(LIBRARY_SEARCH_PATHS_QUOTED_FOR_TARGET_23)",
					"$(LIBRARY_SEARCH_PATHS_QUOTED_FOR_TARGET_24)",
					"$(LIBRARY_SEARCH_PATHS_QUOTED_FOR_TARGET_25)",
					"$(LIBRARY_SEARCH_PATHS_QUOTED_FOR_TARGET_26)",
					"$(LIBRARY_SEARCH_PATHS_QUOTED_FOR_TARGET_27)",
					"$(LIBRARY_SEARCH_PATHS_QUOTED_FOR_TARGET_28)",
					"$(LIBRARY_SEARCH_PATHS_QUOTED_FOR_TARGET_29)",
					"$(LIBRARY_SEARCH_PATHS_QUOTED_FOR_TARGET_30)",
					"$(LIBRARY_SEARCH_PATHS_QUOTED_FOR_TARGET_31)",
					"$(LIBRARY_SEARCH_PATHS_QUOTED_FOR_TARGET_32)",
					"$(LIBRARY_SEARCH_PATHS_QUOTED_FOR_TARGET_33)",
					"$(LIBRARY_SEARCH_PATHS_QUOTED_FOR_TARGET_34)",
					"$(LIBRARY_SEARCH_PATHS_QUOTED_FOR_TARGET_35)",
					"$(LIBRARY_SEARCH_PATHS_QUOTED_FOR_TARGET_36)",
					"$(LIBRARY_SEARCH_PATHS_QUOTED_FOR_TARGET_37)",
					"$(LIBRARY_SEARCH_PATHS_QUOTED_FOR_TARGET_38)",
					"$(LIBRARY_SEARCH_PATHS_QUOTED_FOR_TARGET_39)",
					"$(LIBRARY_SEARCH_PATHS_QUOTED_FOR_TARGET_40)",
					"$(LIBRARY_SEARCH_PATHS_QUOTED_FOR_TARGET_41)",
					"$(LIBRARY_SEARCH_PATHS_QUOTED_FOR_TARGET_42)",
					"$(LIBRARY_SEARCH_PATHS_QUOTED_FOR_TARGET_43)",
					"$(LIBRARY_SEARCH_PATHS_QUOTED_FOR_TARGET_44)",
					"$(LIBRARY_SEARCH_PATHS_QUOTED_FOR_TARGET_45)",
					"$(LIBRARY_SEARCH_PATHS_QUOTED_FOR_TARGET_46)",
					"$(LIBRARY_SEARCH_PATHS_QUOTED_FOR_TARGET_47)",
					"$(LIBRARY_SEARCH_PATHS_QUOTED_FOR_TARGET_48)",
					"$(LIBRARY_SEARCH_PATHS_QUOTED_FOR_TARGET_49)",
					"$(LIBRARY_SEARCH_PATHS_QUOTED_FOR_TARGET_50)",
					"$(LIBRARY_SEARCH_PATHS_QUOTED_FOR_TARGET_51)",
				);
				PRODUCT_NAME = "$(TARGET_NAME)";
				WRAPPER_EXTENSION = app;
			};
			name = Release;
		};
/* End XCBuildConfiguration section */

/* Begin XCConfigurationList section */
		E4B69B4D0A3A1720003C02F2 /* Build configuration list for PBXProject "wattCrank" */ = {
			isa = XCConfigurationList;
			buildConfigurations = (
				E4B69B4E0A3A1720003C02F2 /* Debug */,
				E4B69B4F0A3A1720003C02F2 /* Release */,
			);
			defaultConfigurationIsVisible = 0;
			defaultConfigurationName = Release;
		};
		E4B69B5F0A3A1757003C02F2 /* Build configuration list for PBXNativeTarget "wattCrank" */ = {
			isa = XCConfigurationList;
			buildConfigurations = (
				E4B69B600A3A1757003C02F2 /* Debug */,
				E4B69B610A3A1757003C02F2 /* Release */,
			);
			defaultConfigurationIsVisible = 0;
			defaultConfigurationName = Release;
		};
/* End XCConfigurationList section */
	};
	rootObject = E4B69B4C0A3A1720003C02F2 /* Project object */;
}
